{
  "originHash" : "2b0c4140393b03b1e738f0a1efc78f3563b4aaa19a87669d8d69e6e56bd94a97",
  "pins" : [
    {
      "identity" : "emojibase-bindings",
      "kind" : "remoteSourceControl",
      "location" : "https://github.com/matrix-org/emojibase-bindings",
      "state" : {
        "revision" : "d1ed54c3bf63caa8fb48a30e16e465ac148f26f6",
        "version" : "1.5.0"
      }
    },
    {
      "identity" : "swift-docc-plugin",
      "kind" : "remoteSourceControl",
      "location" : "https://github.com/apple/swift-docc-plugin",
      "state" : {
        "revision" : "3e4f133a77e644a5812911a0513aeb7288b07d06",
        "version" : "1.4.5"
      }
    },
    {
      "identity" : "swift-docc-symbolkit",
      "kind" : "remoteSourceControl",
      "location" : "https://github.com/swiftlang/swift-docc-symbolkit",
      "state" : {
        "revision" : "b45d1f2ed151d057b54504d653e0da5552844e34",
        "version" : "1.0.0"
      }
    }
  ],
  "version" : 3
}
