// !$*UTF8*$!
{
	archiveVersion = 1;
	classes = {
	};
	objectVersion = 77;
	objects = {

/* Begin PBXBuildFile section */
		048CF61935BD1ECF9446AD1E /* ProtocolTests.swift in Sources */ = {isa = PBXBuildFile; fileRef = DB3E50FF707FBB6367B5F31D /* ProtocolTests.swift */; };
		04B4CC1542206F66EAC3E590 /* WelcomeView.swift in Sources */ = {isa = PBXBuildFile; fileRef = 3D0F7970153742CC033CB038 /* WelcomeView.swift */; };
		07951AD761B99CC4062807B8 /* PersistenceController.swift in Sources */ = {isa = PBXBuildFile; fileRef = 4790EA7D9965FEACBC408916 /* PersistenceController.swift */; };
		082689EC4B90E48FDFDD7921 /* NotificationService.swift in Sources */ = {isa = PBXBuildFile; fileRef = 5A0D54AAD444724758431C8E /* NotificationService.swift */; };
		0BAA2D777227C375D7AF640F /* DeviceRepository.swift in Sources */ = {isa = PBXBuildFile; fileRef = 45B1A0A13DC23C92005347FE /* DeviceRepository.swift */; };
		0C1A55F84C6DD7C805E42D7E /* BLEManager.swift in Sources */ = {isa = PBXBuildFile; fileRef = B3F104F3FE6A56A96C8F88AE /* BLEManager.swift */; };
		0EED240350D72D9A280402B8 /* HardwareTestChecklist.md in Resources */ = {isa = PBXBuildFile; fileRef = FE5C5159C25C57A75A42AB9C /* HardwareTestChecklist.md */; };
		1A3B27D20A5026805F20EFA4 /* MeshCoreProtocol.swift in Sources */ = {isa = PBXBuildFile; fileRef = 0A3666BE63C7A8728158C827 /* MeshCoreProtocol.swift */; };
		2548F6A91ECAC4785DB3F1E4 /* MeshCoreProtocol+Contacts.swift in Sources */ = {isa = PBXBuildFile; fileRef = 70401CCEB3544E3415E8271B /* MeshCoreProtocol+Contacts.swift */; };
		25CC7D2592C03F7A5DFBE98E /* PocketMeshApp.swift in Sources */ = {isa = PBXBuildFile; fileRef = 1F34A0E53D1001C5D381D27D /* PocketMeshApp.swift */; };
		2735DBC4D5EA645EDAD0713A /* DevicePairingView.swift in Sources */ = {isa = PBXBuildFile; fileRef = F75FF400E09A0ED446EB6E0B /* DevicePairingView.swift */; };
		29E4752CA180354A31575E76 /* PermissionsView.swift in Sources */ = {isa = PBXBuildFile; fileRef = 4445AFF3A5E0066EFD18401D /* PermissionsView.swift */; };
		2B8F73E3DBC0975E31317609 /* PocketMeshKit.framework in Embed Frameworks */ = {isa = PBXBuildFile; fileRef = D78DD1714916D3FD90923B36 /* PocketMeshKit.framework */; settings = {ATTRIBUTES = (CodeSignOnCopy, RemoveHeadersOnCopy, ); }; };
		2BD2E8F77C404A9360EFA0C5 /* MeshCoreProtocol+Configuration.swift in Sources */ = {isa = PBXBuildFile; fileRef = 28A04442F40F0D59B8B7AAA4 /* MeshCoreProtocol+Configuration.swift */; };
		2F5B0D78DEB6CD66B9AD7489 /* PerformanceTests.swift in Sources */ = {isa = PBXBuildFile; fileRef = 37B8028BA6312831A4F93BDC /* PerformanceTests.swift */; };
		39AB293F43B5F56A43335757 /* ChatsListView.swift in Sources */ = {isa = PBXBuildFile; fileRef = 2A15BABD9F5ACB43C7C3E412 /* ChatsListView.swift */; };
		431040862CE0BC900CD384C4 /* MeshCoreProtocol+Channels.swift in Sources */ = {isa = PBXBuildFile; fileRef = 3DAB3EA9B50A1BE66A80F894 /* MeshCoreProtocol+Channels.swift */; };
		45DD5683BA0C088BA5351036 /* ChannelService.swift in Sources */ = {isa = PBXBuildFile; fileRef = 19636F60B0605513BF191CBF /* ChannelService.swift */; };
		4C8EC2717D770CA60B429AEC /* AppDelegate.swift in Sources */ = {isa = PBXBuildFile; fileRef = 30C0F740701C9B7C9B012341 /* AppDelegate.swift */; };
		55605992566F8CF5F667803F /* PocketMeshKit.framework in Embed Frameworks */ = {isa = PBXBuildFile; fileRef = D78DD1714916D3FD90923B36 /* PocketMeshKit.framework */; settings = {ATTRIBUTES = (CodeSignOnCopy, RemoveHeadersOnCopy, ); }; };
		55CA0C342B8743CF61DA447D /* PocketMeshKit.framework in Frameworks */ = {isa = PBXBuildFile; fileRef = D78DD1714916D3FD90923B36 /* PocketMeshKit.framework */; };
		56C6A39C21F2D6E6093ED2E8 /* Message.swift in Sources */ = {isa = PBXBuildFile; fileRef = 9D00CDA3DB460ED521289CFC /* Message.swift */; };
		5E6DD2912E56A9AB756905C3 /* ContactRepository.swift in Sources */ = {isa = PBXBuildFile; fileRef = B0F80FC9757F604513FF144C /* ContactRepository.swift */; };
		64FEA9FB06289559C4470956 /* ContactDetailView.swift in Sources */ = {isa = PBXBuildFile; fileRef = 1DCADFDA38F997A471312DFA /* ContactDetailView.swift */; };
		670A178DE041DCDFD68692DE /* ContentView.swift in Sources */ = {isa = PBXBuildFile; fileRef = 539B5076B54A2945A0E90C41 /* ContentView.swift */; };
		716C010E9ACA43775C440CC7 /* MeshCoreProtocol+Messaging.swift in Sources */ = {isa = PBXBuildFile; fileRef = 937A2BA4F9DB743A4328CCE7 /* MeshCoreProtocol+Messaging.swift */; };
		73E1844F85A15DD9B31CC82B /* MessageService.swift in Sources */ = {isa = PBXBuildFile; fileRef = 9705E3FDD538F1DC42221E7E /* MessageService.swift */; };
		8C58D03BABF51C6468D6131C /* Device.swift in Sources */ = {isa = PBXBuildFile; fileRef = B4BC20AD728EB3A9DD89F86E /* Device.swift */; };
		92041E155082F000A2CF01AC /* MessagePollingService.swift in Sources */ = {isa = PBXBuildFile; fileRef = EB4ADBD01EE65C7E16CEC224 /* MessagePollingService.swift */; };
		98B604E40404CCB7859F7266 /* ProtocolFrame.swift in Sources */ = {isa = PBXBuildFile; fileRef = EDD6AB7C7D704DFDB56FE2DC /* ProtocolFrame.swift */; };
		98D36662B6E6B2171A9E9CC9 /* MainTabView.swift in Sources */ = {isa = PBXBuildFile; fileRef = 9C5DFB0DC0115B51CD4EFB79 /* MainTabView.swift */; };
		A053B5EE63D2377CAA63D87B /* PocketMeshKit.framework in Frameworks */ = {isa = PBXBuildFile; fileRef = D78DD1714916D3FD90923B36 /* PocketMeshKit.framework */; };
		A17F541BCAD396D16E13723B /* Date+Formatting.swift in Sources */ = {isa = PBXBuildFile; fileRef = 3BA6EDD9B7093D4C6F2532D8 /* Date+Formatting.swift */; };
		B0F85F1E1CEDBA4151867666 /* MultiDeviceTestProcedures.md in Resources */ = {isa = PBXBuildFile; fileRef = CE04040827AA0203482F7960 /* MultiDeviceTestProcedures.md */; };
		BA0500A707AA4D1D6C17FA36 /* Contact.swift in Sources */ = {isa = PBXBuildFile; fileRef = 6C643DA1AD15A734272472EE /* Contact.swift */; };
		BC39AE7B285634F050593F66 /* ContactsListView.swift in Sources */ = {isa = PBXBuildFile; fileRef = 1B7D790C0AA1F3E034391AF0 /* ContactsListView.swift */; };
		C29A9863B8395C4B83C7DE5F /* ChannelConversationView.swift in Sources */ = {isa = PBXBuildFile; fileRef = 5F49842EC45B9382B2E2D9C6 /* ChannelConversationView.swift */; };
		C511D6AC25ED69E5D0C85ADF /* MessageRetryTests.swift in Sources */ = {isa = PBXBuildFile; fileRef = 2C0E24D50042376C5179A718 /* MessageRetryTests.swift */; };
		CB2B542E08B1C5703924FC00 /* Channel.swift in Sources */ = {isa = PBXBuildFile; fileRef = 5FD9C35244A7297C10AAEBF3 /* Channel.swift */; };
		CC0E3161BBCE45B7695F5233 /* RootView.swift in Sources */ = {isa = PBXBuildFile; fileRef = 5DDDC5026F8F35285E404A2E /* RootView.swift */; };
		CDB712100271156318739646 /* ChannelTests.swift in Sources */ = {isa = PBXBuildFile; fileRef = 8C5891882AD3B71BDE7947EB /* ChannelTests.swift */; };
		D8881715ACE8FEFE4DADCCA5 /* MapView.swift in Sources */ = {isa = PBXBuildFile; fileRef = 98BCF1B1C3BFF8DA83643054 /* MapView.swift */; };
		E93DBDA789A72640D418765E /* SettingsView.swift in Sources */ = {isa = PBXBuildFile; fileRef = 433E7925F6AF25F51DAFE548 /* SettingsView.swift */; };
		E9883B997FDCF3DCC25F85C3 /* RadioConfigView.swift in Sources */ = {isa = PBXBuildFile; fileRef = EE1E3AA80BEB087A3E5687D3 /* RadioConfigView.swift */; };
		EA90CEE815B36F993FB4D993 /* DeviceScanningView.swift in Sources */ = {isa = PBXBuildFile; fileRef = BDC9550B53986E665926C468 /* DeviceScanningView.swift */; };
		EB51212416D0270DB3339F4D /* OnboardingFlow.swift in Sources */ = {isa = PBXBuildFile; fileRef = B00557D11E58C09AB9086680 /* OnboardingFlow.swift */; };
		EBF7A2215A7028CDA953A111 /* ConversationView.swift in Sources */ = {isa = PBXBuildFile; fileRef = 4868B74ECC3F92A796E38E82 /* ConversationView.swift */; };
		ED665545044E2449E05EFEBA /* MessageBubble.swift in Sources */ = {isa = PBXBuildFile; fileRef = 1E0BC74BB72B89397A495137 /* MessageBubble.swift */; };
		F439F486C34F5F76E76DA489 /* ContactDetailSheet.swift in Sources */ = {isa = PBXBuildFile; fileRef = 6CF0E4776336F1893D6AC308 /* ContactDetailSheet.swift */; };
		F5539ADF0C3797333BD3369E /* AppCoordinator.swift in Sources */ = {isa = PBXBuildFile; fileRef = 181BD80329BD64F2DB85E1B2 /* AppCoordinator.swift */; };
		F6D1450EFD8C75428F630E71 /* AdvertisementService.swift in Sources */ = {isa = PBXBuildFile; fileRef = 448DAB29DF80063E788E82C5 /* AdvertisementService.swift */; };
/* End PBXBuildFile section */

/* Begin PBXContainerItemProxy section */
		7D496179E2C15869556E7DCA /* PBXContainerItemProxy */ = {
			isa = PBXContainerItemProxy;
			containerPortal = B075D29168C5838CB086652F /* Project object */;
			proxyType = 1;
			remoteGlobalIDString = BB58F0E7399C4FB41E74DC74;
			remoteInfo = PocketMeshKit;
		};
		BB8895EDC13DEA8851F4917C /* PBXContainerItemProxy */ = {
			isa = PBXContainerItemProxy;
			containerPortal = B075D29168C5838CB086652F /* Project object */;
			proxyType = 1;
			remoteGlobalIDString = BB58F0E7399C4FB41E74DC74;
			remoteInfo = PocketMeshKit;
		};
/* End PBXContainerItemProxy section */

/* Begin PBXCopyFilesBuildPhase section */
		62D5BB97630B2DB34B07345F /* Embed Frameworks */ = {
			isa = PBXCopyFilesBuildPhase;
			buildActionMask = 2147483647;
			dstPath = "";
			dstSubfolderSpec = 10;
			files = (
				55605992566F8CF5F667803F /* PocketMeshKit.framework in Embed Frameworks */,
			);
			name = "Embed Frameworks";
			runOnlyForDeploymentPostprocessing = 0;
		};
		7D04477D43199AD6EAA00DFE /* Embed Frameworks */ = {
			isa = PBXCopyFilesBuildPhase;
			buildActionMask = 2147483647;
			dstPath = "";
			dstSubfolderSpec = 10;
			files = (
				2B8F73E3DBC0975E31317609 /* PocketMeshKit.framework in Embed Frameworks */,
			);
			name = "Embed Frameworks";
			runOnlyForDeploymentPostprocessing = 0;
		};
/* End PBXCopyFilesBuildPhase section */

/* Begin PBXFileReference section */
		0A3666BE63C7A8728158C827 /* MeshCoreProtocol.swift */ = {isa = PBXFileReference; lastKnownFileType = sourcecode.swift; path = MeshCoreProtocol.swift; sourceTree = "<group>"; };
		0D1B9546AAAA951D4E679E55 /* PocketMeshTests.xctest */ = {isa = PBXFileReference; includeInIndex = 0; lastKnownFileType = wrapper.cfbundle; path = PocketMeshTests.xctest; sourceTree = BUILT_PRODUCTS_DIR; };
		181BD80329BD64F2DB85E1B2 /* AppCoordinator.swift */ = {isa = PBXFileReference; lastKnownFileType = sourcecode.swift; path = AppCoordinator.swift; sourceTree = "<group>"; };
		19636F60B0605513BF191CBF /* ChannelService.swift */ = {isa = PBXFileReference; lastKnownFileType = sourcecode.swift; path = ChannelService.swift; sourceTree = "<group>"; };
		1B7D790C0AA1F3E034391AF0 /* ContactsListView.swift */ = {isa = PBXFileReference; lastKnownFileType = sourcecode.swift; path = ContactsListView.swift; sourceTree = "<group>"; };
		1DCADFDA38F997A471312DFA /* ContactDetailView.swift */ = {isa = PBXFileReference; lastKnownFileType = sourcecode.swift; path = ContactDetailView.swift; sourceTree = "<group>"; };
		1E0BC74BB72B89397A495137 /* MessageBubble.swift */ = {isa = PBXFileReference; lastKnownFileType = sourcecode.swift; path = MessageBubble.swift; sourceTree = "<group>"; };
		1F34A0E53D1001C5D381D27D /* PocketMeshApp.swift */ = {isa = PBXFileReference; lastKnownFileType = sourcecode.swift; path = PocketMeshApp.swift; sourceTree = "<group>"; };
		28A04442F40F0D59B8B7AAA4 /* MeshCoreProtocol+Configuration.swift */ = {isa = PBXFileReference; lastKnownFileType = sourcecode.swift; path = "MeshCoreProtocol+Configuration.swift"; sourceTree = "<group>"; };
		2A15BABD9F5ACB43C7C3E412 /* ChatsListView.swift */ = {isa = PBXFileReference; lastKnownFileType = sourcecode.swift; path = ChatsListView.swift; sourceTree = "<group>"; };
		2C0E24D50042376C5179A718 /* MessageRetryTests.swift */ = {isa = PBXFileReference; lastKnownFileType = sourcecode.swift; path = MessageRetryTests.swift; sourceTree = "<group>"; };
		30C0F740701C9B7C9B012341 /* AppDelegate.swift */ = {isa = PBXFileReference; lastKnownFileType = sourcecode.swift; path = AppDelegate.swift; sourceTree = "<group>"; };
		37B8028BA6312831A4F93BDC /* PerformanceTests.swift */ = {isa = PBXFileReference; lastKnownFileType = sourcecode.swift; path = PerformanceTests.swift; sourceTree = "<group>"; };
		3BA6EDD9B7093D4C6F2532D8 /* Date+Formatting.swift */ = {isa = PBXFileReference; lastKnownFileType = sourcecode.swift; path = "Date+Formatting.swift"; sourceTree = "<group>"; };
		3D0F7970153742CC033CB038 /* WelcomeView.swift */ = {isa = PBXFileReference; lastKnownFileType = sourcecode.swift; path = WelcomeView.swift; sourceTree = "<group>"; };
		3DAB3EA9B50A1BE66A80F894 /* MeshCoreProtocol+Channels.swift */ = {isa = PBXFileReference; lastKnownFileType = sourcecode.swift; path = "MeshCoreProtocol+Channels.swift"; sourceTree = "<group>"; };
		433E7925F6AF25F51DAFE548 /* SettingsView.swift */ = {isa = PBXFileReference; lastKnownFileType = sourcecode.swift; path = SettingsView.swift; sourceTree = "<group>"; };
		4445AFF3A5E0066EFD18401D /* PermissionsView.swift */ = {isa = PBXFileReference; lastKnownFileType = sourcecode.swift; path = PermissionsView.swift; sourceTree = "<group>"; };
		448DAB29DF80063E788E82C5 /* AdvertisementService.swift */ = {isa = PBXFileReference; lastKnownFileType = sourcecode.swift; path = AdvertisementService.swift; sourceTree = "<group>"; };
		45B1A0A13DC23C92005347FE /* DeviceRepository.swift */ = {isa = PBXFileReference; lastKnownFileType = sourcecode.swift; path = DeviceRepository.swift; sourceTree = "<group>"; };
		4790EA7D9965FEACBC408916 /* PersistenceController.swift */ = {isa = PBXFileReference; lastKnownFileType = sourcecode.swift; path = PersistenceController.swift; sourceTree = "<group>"; };
		4868B74ECC3F92A796E38E82 /* ConversationView.swift */ = {isa = PBXFileReference; lastKnownFileType = sourcecode.swift; path = ConversationView.swift; sourceTree = "<group>"; };
		539B5076B54A2945A0E90C41 /* ContentView.swift */ = {isa = PBXFileReference; lastKnownFileType = sourcecode.swift; path = ContentView.swift; sourceTree = "<group>"; };
		5A0D54AAD444724758431C8E /* NotificationService.swift */ = {isa = PBXFileReference; lastKnownFileType = sourcecode.swift; path = NotificationService.swift; sourceTree = "<group>"; };
		5DDDC5026F8F35285E404A2E /* RootView.swift */ = {isa = PBXFileReference; lastKnownFileType = sourcecode.swift; path = RootView.swift; sourceTree = "<group>"; };
		5F49842EC45B9382B2E2D9C6 /* ChannelConversationView.swift */ = {isa = PBXFileReference; lastKnownFileType = sourcecode.swift; path = ChannelConversationView.swift; sourceTree = "<group>"; };
		5FD9C35244A7297C10AAEBF3 /* Channel.swift */ = {isa = PBXFileReference; lastKnownFileType = sourcecode.swift; path = Channel.swift; sourceTree = "<group>"; };
		6C643DA1AD15A734272472EE /* Contact.swift */ = {isa = PBXFileReference; lastKnownFileType = sourcecode.swift; path = Contact.swift; sourceTree = "<group>"; };
		6CF0E4776336F1893D6AC308 /* ContactDetailSheet.swift */ = {isa = PBXFileReference; lastKnownFileType = sourcecode.swift; path = ContactDetailSheet.swift; sourceTree = "<group>"; };
		70401CCEB3544E3415E8271B /* MeshCoreProtocol+Contacts.swift */ = {isa = PBXFileReference; lastKnownFileType = sourcecode.swift; path = "MeshCoreProtocol+Contacts.swift"; sourceTree = "<group>"; };
		7B3A8D9589A690BFF13B4561 /* Info.plist */ = {isa = PBXFileReference; lastKnownFileType = text.plist; path = Info.plist; sourceTree = "<group>"; };
		8C5891882AD3B71BDE7947EB /* ChannelTests.swift */ = {isa = PBXFileReference; lastKnownFileType = sourcecode.swift; path = ChannelTests.swift; sourceTree = "<group>"; };
		937A2BA4F9DB743A4328CCE7 /* MeshCoreProtocol+Messaging.swift */ = {isa = PBXFileReference; lastKnownFileType = sourcecode.swift; path = "MeshCoreProtocol+Messaging.swift"; sourceTree = "<group>"; };
		9705E3FDD538F1DC42221E7E /* MessageService.swift */ = {isa = PBXFileReference; lastKnownFileType = sourcecode.swift; path = MessageService.swift; sourceTree = "<group>"; };
		98BCF1B1C3BFF8DA83643054 /* MapView.swift */ = {isa = PBXFileReference; lastKnownFileType = sourcecode.swift; path = MapView.swift; sourceTree = "<group>"; };
		9C5DFB0DC0115B51CD4EFB79 /* MainTabView.swift */ = {isa = PBXFileReference; lastKnownFileType = sourcecode.swift; path = MainTabView.swift; sourceTree = "<group>"; };
		9D00CDA3DB460ED521289CFC /* Message.swift */ = {isa = PBXFileReference; lastKnownFileType = sourcecode.swift; path = Message.swift; sourceTree = "<group>"; };
		B00557D11E58C09AB9086680 /* OnboardingFlow.swift */ = {isa = PBXFileReference; lastKnownFileType = sourcecode.swift; path = OnboardingFlow.swift; sourceTree = "<group>"; };
		B0F80FC9757F604513FF144C /* ContactRepository.swift */ = {isa = PBXFileReference; lastKnownFileType = sourcecode.swift; path = ContactRepository.swift; sourceTree = "<group>"; };
		B3F104F3FE6A56A96C8F88AE /* BLEManager.swift */ = {isa = PBXFileReference; lastKnownFileType = sourcecode.swift; path = BLEManager.swift; sourceTree = "<group>"; };
		B4BC20AD728EB3A9DD89F86E /* Device.swift */ = {isa = PBXFileReference; lastKnownFileType = sourcecode.swift; path = Device.swift; sourceTree = "<group>"; };
		BDC9550B53986E665926C468 /* DeviceScanningView.swift */ = {isa = PBXFileReference; lastKnownFileType = sourcecode.swift; path = DeviceScanningView.swift; sourceTree = "<group>"; };
		BDE5B1CA2B629437BD46D2A3 /* PocketMesh.app */ = {isa = PBXFileReference; includeInIndex = 0; lastKnownFileType = wrapper.application; path = PocketMesh.app; sourceTree = BUILT_PRODUCTS_DIR; };
		CE04040827AA0203482F7960 /* MultiDeviceTestProcedures.md */ = {isa = PBXFileReference; lastKnownFileType = net.daringfireball.markdown; path = MultiDeviceTestProcedures.md; sourceTree = "<group>"; };
		D78DD1714916D3FD90923B36 /* PocketMeshKit.framework */ = {isa = PBXFileReference; explicitFileType = wrapper.framework; includeInIndex = 0; path = PocketMeshKit.framework; sourceTree = BUILT_PRODUCTS_DIR; };
		DB3E50FF707FBB6367B5F31D /* ProtocolTests.swift */ = {isa = PBXFileReference; lastKnownFileType = sourcecode.swift; path = ProtocolTests.swift; sourceTree = "<group>"; };
		EB4ADBD01EE65C7E16CEC224 /* MessagePollingService.swift */ = {isa = PBXFileReference; lastKnownFileType = sourcecode.swift; path = MessagePollingService.swift; sourceTree = "<group>"; };
		EDD6AB7C7D704DFDB56FE2DC /* ProtocolFrame.swift */ = {isa = PBXFileReference; lastKnownFileType = sourcecode.swift; path = ProtocolFrame.swift; sourceTree = "<group>"; };
		EE1E3AA80BEB087A3E5687D3 /* RadioConfigView.swift */ = {isa = PBXFileReference; lastKnownFileType = sourcecode.swift; path = RadioConfigView.swift; sourceTree = "<group>"; };
		F75FF400E09A0ED446EB6E0B /* DevicePairingView.swift */ = {isa = PBXFileReference; lastKnownFileType = sourcecode.swift; path = DevicePairingView.swift; sourceTree = "<group>"; };
		FE5C5159C25C57A75A42AB9C /* HardwareTestChecklist.md */ = {isa = PBXFileReference; lastKnownFileType = net.daringfireball.markdown; path = HardwareTestChecklist.md; sourceTree = "<group>"; };
/* End PBXFileReference section */

/* Begin PBXFrameworksBuildPhase section */
		51221A733DF93344FF8DA930 /* Frameworks */ = {
			isa = PBXFrameworksBuildPhase;
			buildActionMask = 2147483647;
			files = (
				A053B5EE63D2377CAA63D87B /* PocketMeshKit.framework in Frameworks */,
			);
			runOnlyForDeploymentPostprocessing = 0;
		};
		A42C3A2DF478A5210217DE22 /* Frameworks */ = {
			isa = PBXFrameworksBuildPhase;
			buildActionMask = 2147483647;
			files = (
				55CA0C342B8743CF61DA447D /* PocketMeshKit.framework in Frameworks */,
			);
			runOnlyForDeploymentPostprocessing = 0;
		};
/* End PBXFrameworksBuildPhase section */

/* Begin PBXGroup section */
		1005B908A4E334855399571E /* BLE */ = {
			isa = PBXGroup;
			children = (
				B3F104F3FE6A56A96C8F88AE /* BLEManager.swift */,
			);
			path = BLE;
			sourceTree = "<group>";
		};
		1C239E83B8A6A39062228C61 /* Services */ = {
			isa = PBXGroup;
			children = (
				448DAB29DF80063E788E82C5 /* AdvertisementService.swift */,
				19636F60B0605513BF191CBF /* ChannelService.swift */,
				EB4ADBD01EE65C7E16CEC224 /* MessagePollingService.swift */,
				9705E3FDD538F1DC42221E7E /* MessageService.swift */,
				5A0D54AAD444724758431C8E /* NotificationService.swift */,
			);
			path = Services;
			sourceTree = "<group>";
		};
		228A1D8135CF6436785C8466 /* PocketMesh */ = {
			isa = PBXGroup;
			children = (
				7B3A8D9589A690BFF13B4561 /* Info.plist */,
				88CC978596C3A99AA9292D9A /* App */,
				E8FB57A8551FD3E69BF0FAD9 /* Views */,
			);
			path = PocketMesh;
			sourceTree = "<group>";
		};
		2652C56274567A20C54D1BF0 /* Products */ = {
			isa = PBXGroup;
			children = (
				BDE5B1CA2B629437BD46D2A3 /* PocketMesh.app */,
				D78DD1714916D3FD90923B36 /* PocketMeshKit.framework */,
				0D1B9546AAAA951D4E679E55 /* PocketMeshTests.xctest */,
			);
			name = Products;
			sourceTree = "<group>";
		};
		48922D6465C2927C27363D6C /* Map */ = {
			isa = PBXGroup;
			children = (
				6CF0E4776336F1893D6AC308 /* ContactDetailSheet.swift */,
				98BCF1B1C3BFF8DA83643054 /* MapView.swift */,
			);
			path = Map;
			sourceTree = "<group>";
		};
		5BCC9A5B3892FD7AECC683EC /* Extensions */ = {
			isa = PBXGroup;
			children = (
				3BA6EDD9B7093D4C6F2532D8 /* Date+Formatting.swift */,
			);
			path = Extensions;
			sourceTree = "<group>";
		};
		627A1D685A96273F3C39D201 /* Settings */ = {
			isa = PBXGroup;
			children = (
				EE1E3AA80BEB087A3E5687D3 /* RadioConfigView.swift */,
				433E7925F6AF25F51DAFE548 /* SettingsView.swift */,
			);
			path = Settings;
			sourceTree = "<group>";
		};
		64E135D20031875E24002A21 = {
			isa = PBXGroup;
			children = (
				228A1D8135CF6436785C8466 /* PocketMesh */,
				CCBD67100761C2F6AEBE2D19 /* PocketMeshKit */,
				84393BA1C5ED3FA991C9D1B2 /* PocketMeshTests */,
				2652C56274567A20C54D1BF0 /* Products */,
			);
			sourceTree = "<group>";
		};
		69C6DDBE9B630FB515D26899 /* Chats */ = {
			isa = PBXGroup;
			children = (
				5F49842EC45B9382B2E2D9C6 /* ChannelConversationView.swift */,
				2A15BABD9F5ACB43C7C3E412 /* ChatsListView.swift */,
				4868B74ECC3F92A796E38E82 /* ConversationView.swift */,
				1E0BC74BB72B89397A495137 /* MessageBubble.swift */,
			);
			path = Chats;
			sourceTree = "<group>";
		};
		84393BA1C5ED3FA991C9D1B2 /* PocketMeshTests */ = {
			isa = PBXGroup;
			children = (
				8C5891882AD3B71BDE7947EB /* ChannelTests.swift */,
				FE5C5159C25C57A75A42AB9C /* HardwareTestChecklist.md */,
				2C0E24D50042376C5179A718 /* MessageRetryTests.swift */,
				CE04040827AA0203482F7960 /* MultiDeviceTestProcedures.md */,
				37B8028BA6312831A4F93BDC /* PerformanceTests.swift */,
				DB3E50FF707FBB6367B5F31D /* ProtocolTests.swift */,
			);
			path = PocketMeshTests;
			sourceTree = "<group>";
		};
		88CC978596C3A99AA9292D9A /* App */ = {
			isa = PBXGroup;
			children = (
				181BD80329BD64F2DB85E1B2 /* AppCoordinator.swift */,
				30C0F740701C9B7C9B012341 /* AppDelegate.swift */,
				1F34A0E53D1001C5D381D27D /* PocketMeshApp.swift */,
			);
			path = App;
			sourceTree = "<group>";
		};
		8D8BDE997D80A71EF89C26E6 /* Onboarding */ = {
			isa = PBXGroup;
			children = (
				F75FF400E09A0ED446EB6E0B /* DevicePairingView.swift */,
				BDC9550B53986E665926C468 /* DeviceScanningView.swift */,
				B00557D11E58C09AB9086680 /* OnboardingFlow.swift */,
				4445AFF3A5E0066EFD18401D /* PermissionsView.swift */,
				3D0F7970153742CC033CB038 /* WelcomeView.swift */,
			);
			path = Onboarding;
			sourceTree = "<group>";
		};
		96B6E6745BC2E8E0407E9C66 /* Contacts */ = {
			isa = PBXGroup;
			children = (
				1DCADFDA38F997A471312DFA /* ContactDetailView.swift */,
				1B7D790C0AA1F3E034391AF0 /* ContactsListView.swift */,
			);
			path = Contacts;
			sourceTree = "<group>";
		};
		CCBD67100761C2F6AEBE2D19 /* PocketMeshKit */ = {
			isa = PBXGroup;
			children = (
				1005B908A4E334855399571E /* BLE */,
				5BCC9A5B3892FD7AECC683EC /* Extensions */,
				F322EF9E372D8094DD990AEA /* Models */,
				EFC2ABA6A8C2D57AC6943589 /* Persistence */,
				D56CD13820A592AEAC704A56 /* Protocol */,
				1C239E83B8A6A39062228C61 /* Services */,
			);
			path = PocketMeshKit;
			sourceTree = "<group>";
		};
		D56CD13820A592AEAC704A56 /* Protocol */ = {
			isa = PBXGroup;
			children = (
				0A3666BE63C7A8728158C827 /* MeshCoreProtocol.swift */,
				3DAB3EA9B50A1BE66A80F894 /* MeshCoreProtocol+Channels.swift */,
				28A04442F40F0D59B8B7AAA4 /* MeshCoreProtocol+Configuration.swift */,
				70401CCEB3544E3415E8271B /* MeshCoreProtocol+Contacts.swift */,
				937A2BA4F9DB743A4328CCE7 /* MeshCoreProtocol+Messaging.swift */,
				EDD6AB7C7D704DFDB56FE2DC /* ProtocolFrame.swift */,
			);
			path = Protocol;
			sourceTree = "<group>";
		};
		E8FB57A8551FD3E69BF0FAD9 /* Views */ = {
			isa = PBXGroup;
			children = (
				539B5076B54A2945A0E90C41 /* ContentView.swift */,
				9C5DFB0DC0115B51CD4EFB79 /* MainTabView.swift */,
				5DDDC5026F8F35285E404A2E /* RootView.swift */,
				69C6DDBE9B630FB515D26899 /* Chats */,
				96B6E6745BC2E8E0407E9C66 /* Contacts */,
				48922D6465C2927C27363D6C /* Map */,
				8D8BDE997D80A71EF89C26E6 /* Onboarding */,
				627A1D685A96273F3C39D201 /* Settings */,
			);
			path = Views;
			sourceTree = "<group>";
		};
		EFC2ABA6A8C2D57AC6943589 /* Persistence */ = {
			isa = PBXGroup;
			children = (
				B0F80FC9757F604513FF144C /* ContactRepository.swift */,
				45B1A0A13DC23C92005347FE /* DeviceRepository.swift */,
				4790EA7D9965FEACBC408916 /* PersistenceController.swift */,
			);
			path = Persistence;
			sourceTree = "<group>";
		};
		F322EF9E372D8094DD990AEA /* Models */ = {
			isa = PBXGroup;
			children = (
				5FD9C35244A7297C10AAEBF3 /* Channel.swift */,
				6C643DA1AD15A734272472EE /* Contact.swift */,
				B4BC20AD728EB3A9DD89F86E /* Device.swift */,
				9D00CDA3DB460ED521289CFC /* Message.swift */,
			);
			path = Models;
			sourceTree = "<group>";
		};
/* End PBXGroup section */

/* Begin PBXNativeTarget section */
		BB58F0E7399C4FB41E74DC74 /* PocketMeshKit */ = {
			isa = PBXNativeTarget;
			buildConfigurationList = D63C91B90D9453582A65353E /* Build configuration list for PBXNativeTarget "PocketMeshKit" */;
			buildPhases = (
				133CB2BDAE215B75DAAE01E1 /* Sources */,
			);
			buildRules = (
			);
			dependencies = (
			);
			name = PocketMeshKit;
			packageProductDependencies = (
			);
			productName = PocketMeshKit;
			productReference = D78DD1714916D3FD90923B36 /* PocketMeshKit.framework */;
			productType = "com.apple.product-type.framework";
		};
		E0B5AABF144609984709AF9F /* PocketMesh */ = {
			isa = PBXNativeTarget;
			buildConfigurationList = B151D71642B9E080E6C774B0 /* Build configuration list for PBXNativeTarget "PocketMesh" */;
			buildPhases = (
				AABFB9C114E5BDE682F57EB7 /* Sources */,
				A42C3A2DF478A5210217DE22 /* Frameworks */,
				62D5BB97630B2DB34B07345F /* Embed Frameworks */,
			);
			buildRules = (
			);
			dependencies = (
				3710F598ADD2D5C70A0742FE /* PBXTargetDependency */,
			);
			name = PocketMesh;
			packageProductDependencies = (
			);
			productName = PocketMesh;
			productReference = BDE5B1CA2B629437BD46D2A3 /* PocketMesh.app */;
			productType = "com.apple.product-type.application";
		};
		E3CBC3B4D7D03D4012E98BBD /* PocketMeshTests */ = {
			isa = PBXNativeTarget;
			buildConfigurationList = 3D17085DC0F6698EEC4E4657 /* Build configuration list for PBXNativeTarget "PocketMeshTests" */;
			buildPhases = (
				E75864AE4473F3BD415842E9 /* Sources */,
				09C6A85BFE4C4A1C49325039 /* Resources */,
				51221A733DF93344FF8DA930 /* Frameworks */,
				7D04477D43199AD6EAA00DFE /* Embed Frameworks */,
			);
			buildRules = (
			);
			dependencies = (
				20B5F64FEC5F0DC5DE87FBF0 /* PBXTargetDependency */,
			);
			name = PocketMeshTests;
			packageProductDependencies = (
			);
			productName = PocketMeshTests;
			productReference = 0D1B9546AAAA951D4E679E55 /* PocketMeshTests.xctest */;
			productType = "com.apple.product-type.bundle.unit-test";
		};
/* End PBXNativeTarget section */

/* Begin PBXProject section */
		B075D29168C5838CB086652F /* Project object */ = {
			isa = PBXProject;
			attributes = {
				BuildIndependentTargetsInParallel = YES;
				LastUpgradeCheck = 1600;
				TargetAttributes = {
					E0B5AABF144609984709AF9F = {
						DevelopmentTeam = L6E4TF9NZ9;
						ProvisioningStyle = Automatic;
					};
				};
			};
			buildConfigurationList = B750B3602EFC830CC4B623F6 /* Build configuration list for PBXProject "PocketMesh" */;
			compatibilityVersion = "Xcode 14.0";
			developmentRegion = en;
			hasScannedForEncodings = 0;
			knownRegions = (
				Base,
				en,
			);
			mainGroup = 64E135D20031875E24002A21;
			minimizedProjectReferenceProxies = 1;
			preferredProjectObjectVersion = 77;
			projectDirPath = "";
			projectRoot = "";
			targets = (
				E0B5AABF144609984709AF9F /* PocketMesh */,
				BB58F0E7399C4FB41E74DC74 /* PocketMeshKit */,
				E3CBC3B4D7D03D4012E98BBD /* PocketMeshTests */,
			);
		};
/* End PBXProject section */

/* Begin PBXResourcesBuildPhase section */
		09C6A85BFE4C4A1C49325039 /* Resources */ = {
			isa = PBXResourcesBuildPhase;
			buildActionMask = 2147483647;
			files = (
				0EED240350D72D9A280402B8 /* HardwareTestChecklist.md in Resources */,
				B0F85F1E1CEDBA4151867666 /* MultiDeviceTestProcedures.md in Resources */,
			);
			runOnlyForDeploymentPostprocessing = 0;
		};
/* End PBXResourcesBuildPhase section */

/* Begin PBXSourcesBuildPhase section */
		133CB2BDAE215B75DAAE01E1 /* Sources */ = {
			isa = PBXSourcesBuildPhase;
			buildActionMask = 2147483647;
			files = (
				F6D1450EFD8C75428F630E71 /* AdvertisementService.swift in Sources */,
				0C1A55F84C6DD7C805E42D7E /* BLEManager.swift in Sources */,
				CB2B542E08B1C5703924FC00 /* Channel.swift in Sources */,
				45DD5683BA0C088BA5351036 /* ChannelService.swift in Sources */,
				BA0500A707AA4D1D6C17FA36 /* Contact.swift in Sources */,
				5E6DD2912E56A9AB756905C3 /* ContactRepository.swift in Sources */,
				A17F541BCAD396D16E13723B /* Date+Formatting.swift in Sources */,
				8C58D03BABF51C6468D6131C /* Device.swift in Sources */,
				0BAA2D777227C375D7AF640F /* DeviceRepository.swift in Sources */,
				431040862CE0BC900CD384C4 /* MeshCoreProtocol+Channels.swift in Sources */,
				2BD2E8F77C404A9360EFA0C5 /* MeshCoreProtocol+Configuration.swift in Sources */,
				2548F6A91ECAC4785DB3F1E4 /* MeshCoreProtocol+Contacts.swift in Sources */,
				716C010E9ACA43775C440CC7 /* MeshCoreProtocol+Messaging.swift in Sources */,
				1A3B27D20A5026805F20EFA4 /* MeshCoreProtocol.swift in Sources */,
				56C6A39C21F2D6E6093ED2E8 /* Message.swift in Sources */,
				92041E155082F000A2CF01AC /* MessagePollingService.swift in Sources */,
				73E1844F85A15DD9B31CC82B /* MessageService.swift in Sources */,
				082689EC4B90E48FDFDD7921 /* NotificationService.swift in Sources */,
				07951AD761B99CC4062807B8 /* PersistenceController.swift in Sources */,
				98B604E40404CCB7859F7266 /* ProtocolFrame.swift in Sources */,
			);
			runOnlyForDeploymentPostprocessing = 0;
		};
		AABFB9C114E5BDE682F57EB7 /* Sources */ = {
			isa = PBXSourcesBuildPhase;
			buildActionMask = 2147483647;
			files = (
				F5539ADF0C3797333BD3369E /* AppCoordinator.swift in Sources */,
				4C8EC2717D770CA60B429AEC /* AppDelegate.swift in Sources */,
				C29A9863B8395C4B83C7DE5F /* ChannelConversationView.swift in Sources */,
				39AB293F43B5F56A43335757 /* ChatsListView.swift in Sources */,
				F439F486C34F5F76E76DA489 /* ContactDetailSheet.swift in Sources */,
				64FEA9FB06289559C4470956 /* ContactDetailView.swift in Sources */,
				BC39AE7B285634F050593F66 /* ContactsListView.swift in Sources */,
				670A178DE041DCDFD68692DE /* ContentView.swift in Sources */,
				EBF7A2215A7028CDA953A111 /* ConversationView.swift in Sources */,
				2735DBC4D5EA645EDAD0713A /* DevicePairingView.swift in Sources */,
				EA90CEE815B36F993FB4D993 /* DeviceScanningView.swift in Sources */,
				98D36662B6E6B2171A9E9CC9 /* MainTabView.swift in Sources */,
				D8881715ACE8FEFE4DADCCA5 /* MapView.swift in Sources */,
				ED665545044E2449E05EFEBA /* MessageBubble.swift in Sources */,
				EB51212416D0270DB3339F4D /* OnboardingFlow.swift in Sources */,
				29E4752CA180354A31575E76 /* PermissionsView.swift in Sources */,
				25CC7D2592C03F7A5DFBE98E /* PocketMeshApp.swift in Sources */,
				E9883B997FDCF3DCC25F85C3 /* RadioConfigView.swift in Sources */,
				CC0E3161BBCE45B7695F5233 /* RootView.swift in Sources */,
				E93DBDA789A72640D418765E /* SettingsView.swift in Sources */,
				04B4CC1542206F66EAC3E590 /* WelcomeView.swift in Sources */,
			);
			runOnlyForDeploymentPostprocessing = 0;
		};
		E75864AE4473F3BD415842E9 /* Sources */ = {
			isa = PBXSourcesBuildPhase;
			buildActionMask = 2147483647;
			files = (
				CDB712100271156318739646 /* ChannelTests.swift in Sources */,
				C511D6AC25ED69E5D0C85ADF /* MessageRetryTests.swift in Sources */,
				2F5B0D78DEB6CD66B9AD7489 /* PerformanceTests.swift in Sources */,
				048CF61935BD1ECF9446AD1E /* ProtocolTests.swift in Sources */,
			);
			runOnlyForDeploymentPostprocessing = 0;
		};
/* End PBXSourcesBuildPhase section */

/* Begin PBXTargetDependency section */
		20B5F64FEC5F0DC5DE87FBF0 /* PBXTargetDependency */ = {
			isa = PBXTargetDependency;
			target = BB58F0E7399C4FB41E74DC74 /* PocketMeshKit */;
			targetProxy = 7D496179E2C15869556E7DCA /* PBXContainerItemProxy */;
		};
		3710F598ADD2D5C70A0742FE /* PBXTargetDependency */ = {
			isa = PBXTargetDependency;
			target = BB58F0E7399C4FB41E74DC74 /* PocketMeshKit */;
			targetProxy = BB8895EDC13DEA8851F4917C /* PBXContainerItemProxy */;
		};
/* End PBXTargetDependency section */

/* Begin XCBuildConfiguration section */
		059003927400C1A597EBFE72 /* Debug */ = {
			isa = XCBuildConfiguration;
			buildSettings = {
				CODE_SIGN_IDENTITY = "";
				CURRENT_PROJECT_VERSION = 1;
				DEFINES_MODULE = YES;
				DYLIB_COMPATIBILITY_VERSION = 1;
				DYLIB_CURRENT_VERSION = 1;
				DYLIB_INSTALL_NAME_BASE = "@rpath";
				ENABLE_TESTING_SEARCH_PATHS = YES;
				GENERATE_INFOPLIST_FILE = YES;
				INSTALL_PATH = "$(LOCAL_LIBRARY_DIR)/Frameworks";
				IPHONEOS_DEPLOYMENT_TARGET = 17.0;
				LD_RUNPATH_SEARCH_PATHS = (
					"$(inherited)",
					"@executable_path/Frameworks",
				);
				PRODUCT_BUNDLE_IDENTIFIER = com.pocketmesh.kit;
				SDKROOT = iphoneos;
				SKIP_INSTALL = YES;
				TARGETED_DEVICE_FAMILY = "1,2";
				VERSIONING_SYSTEM = "apple-generic";
			};
			name = Debug;
		};
		2C02E70E60085D11BD1BB353 /* Release */ = {
			isa = XCBuildConfiguration;
			buildSettings = {
				CODE_SIGN_IDENTITY = "";
				CURRENT_PROJECT_VERSION = 1;
				DEFINES_MODULE = YES;
				DYLIB_COMPATIBILITY_VERSION = 1;
				DYLIB_CURRENT_VERSION = 1;
				DYLIB_INSTALL_NAME_BASE = "@rpath";
				ENABLE_TESTING_SEARCH_PATHS = YES;
				GENERATE_INFOPLIST_FILE = YES;
				INSTALL_PATH = "$(LOCAL_LIBRARY_DIR)/Frameworks";
				IPHONEOS_DEPLOYMENT_TARGET = 17.0;
				LD_RUNPATH_SEARCH_PATHS = (
					"$(inherited)",
					"@executable_path/Frameworks",
				);
				PRODUCT_BUNDLE_IDENTIFIER = com.pocketmesh.kit;
				SDKROOT = iphoneos;
				SKIP_INSTALL = YES;
				TARGETED_DEVICE_FAMILY = "1,2";
				VERSIONING_SYSTEM = "apple-generic";
			};
			name = Release;
		};
		8169A891E8E17B4543EE1D72 /* Release */ = {
			isa = XCBuildConfiguration;
			buildSettings = {
				ALWAYS_SEARCH_USER_PATHS = NO;
				CLANG_ANALYZER_NONNULL = YES;
				CLANG_ANALYZER_NUMBER_OBJECT_CONVERSION = YES_AGGRESSIVE;
				CLANG_CXX_LANGUAGE_STANDARD = "gnu++14";
				CLANG_CXX_LIBRARY = "libc++";
				CLANG_ENABLE_MODULES = YES;
				CLANG_ENABLE_OBJC_ARC = YES;
				CLANG_ENABLE_OBJC_WEAK = YES;
				CLANG_WARN_BLOCK_CAPTURE_AUTORELEASING = YES;
				CLANG_WARN_BOOL_CONVERSION = YES;
				CLANG_WARN_COMMA = YES;
				CLANG_WARN_CONSTANT_CONVERSION = YES;
				CLANG_WARN_DEPRECATED_OBJC_IMPLEMENTATIONS = YES;
				CLANG_WARN_DIRECT_OBJC_ISA_USAGE = YES_ERROR;
				CLANG_WARN_DOCUMENTATION_COMMENTS = YES;
				CLANG_WARN_EMPTY_BODY = YES;
				CLANG_WARN_ENUM_CONVERSION = YES;
				CLANG_WARN_INFINITE_RECURSION = YES;
				CLANG_WARN_INT_CONVERSION = YES;
				CLANG_WARN_NON_LITERAL_NULL_CONVERSION = YES;
				CLANG_WARN_OBJC_IMPLICIT_RETAIN_SELF = YES;
				CLANG_WARN_OBJC_LITERAL_CONVERSION = YES;
				CLANG_WARN_OBJC_ROOT_CLASS = YES_ERROR;
				CLANG_WARN_QUOTED_INCLUDE_IN_FRAMEWORK_HEADER = YES;
				CLANG_WARN_RANGE_LOOP_ANALYSIS = YES;
				CLANG_WARN_STRICT_PROTOTYPES = YES;
				CLANG_WARN_SUSPICIOUS_MOVE = YES;
				CLANG_WARN_UNGUARDED_AVAILABILITY = YES_AGGRESSIVE;
				CLANG_WARN_UNREACHABLE_CODE = YES;
				CLANG_WARN__DUPLICATE_METHOD_MATCH = YES;
				COPY_PHASE_STRIP = NO;
				CURRENT_PROJECT_VERSION = 1;
				DEBUG_INFORMATION_FORMAT = "dwarf-with-dsym";
				ENABLE_NS_ASSERTIONS = NO;
				ENABLE_STRICT_OBJC_MSGSEND = YES;
				GCC_C_LANGUAGE_STANDARD = gnu11;
				GCC_NO_COMMON_BLOCKS = YES;
				GCC_WARN_64_TO_32_BIT_CONVERSION = YES;
				GCC_WARN_ABOUT_RETURN_TYPE = YES_ERROR;
				GCC_WARN_UNDECLARED_SELECTOR = YES;
				GCC_WARN_UNINITIALIZED_AUTOS = YES_AGGRESSIVE;
				GCC_WARN_UNUSED_FUNCTION = YES;
				GCC_WARN_UNUSED_VARIABLE = YES;
				IPHONEOS_DEPLOYMENT_TARGET = 17.0;
				MARKETING_VERSION = 1.0.0;
				MTL_ENABLE_DEBUG_INFO = NO;
				MTL_FAST_MATH = YES;
				PRODUCT_NAME = "$(TARGET_NAME)";
				SDKROOT = iphoneos;
				SWIFT_COMPILATION_MODE = wholemodule;
				SWIFT_OPTIMIZATION_LEVEL = "-O";
				SWIFT_VERSION = 6.0;
			};
			name = Release;
		};
		832DE3B619D9889A1A98357C /* Release */ = {
			isa = XCBuildConfiguration;
			buildSettings = {
				BUNDLE_LOADER = "$(TEST_HOST)";
				GENERATE_INFOPLIST_FILE = YES;
				LD_RUNPATH_SEARCH_PATHS = (
					"$(inherited)",
					"@executable_path/Frameworks",
					"@loader_path/Frameworks",
				);
				PRODUCT_BUNDLE_IDENTIFIER = com.pocketmesh.tests;
				SDKROOT = iphoneos;
				TARGETED_DEVICE_FAMILY = "1,2";
			};
			name = Release;
		};
		9039153E7A5775DF6CAF074E /* Debug */ = {
			isa = XCBuildConfiguration;
			buildSettings = {
				BUNDLE_LOADER = "$(TEST_HOST)";
				GENERATE_INFOPLIST_FILE = YES;
				LD_RUNPATH_SEARCH_PATHS = (
					"$(inherited)",
					"@executable_path/Frameworks",
					"@loader_path/Frameworks",
				);
				PRODUCT_BUNDLE_IDENTIFIER = com.pocketmesh.tests;
				SDKROOT = iphoneos;
				TARGETED_DEVICE_FAMILY = "1,2";
			};
			name = Debug;
		};
		C9494E55BD022B248EA18BBB /* Release */ = {
			isa = XCBuildConfiguration;
			buildSettings = {
				ASSETCATALOG_COMPILER_APPICON_NAME = AppIcon;
				CODE_SIGN_IDENTITY = "iPhone Developer";
				CODE_SIGN_STYLE = Automatic;
				DEVELOPMENT_TEAM = L6E4TF9NZ9;
				ENABLE_PREVIEWS = YES;
				INFOPLIST_FILE = PocketMesh/Info.plist;
				IPHONEOS_DEPLOYMENT_TARGET = 17.0;
				LD_RUNPATH_SEARCH_PATHS = (
					"$(inherited)",
					"@executable_path/Frameworks",
				);
				PRODUCT_BUNDLE_IDENTIFIER = com.nathanielchung.pocketmesh;
				SDKROOT = iphoneos;
				TARGETED_DEVICE_FAMILY = "1,2";
			};
			name = Release;
		};
		ED03310FA8DD889E4EA2B416 /* Debug */ = {
			isa = XCBuildConfiguration;
			buildSettings = {
				ALWAYS_SEARCH_USER_PATHS = NO;
				CLANG_ANALYZER_NONNULL = YES;
				CLANG_ANALYZER_NUMBER_OBJECT_CONVERSION = YES_AGGRESSIVE;
				CLANG_CXX_LANGUAGE_STANDARD = "gnu++14";
				CLANG_CXX_LIBRARY = "libc++";
				CLANG_ENABLE_MODULES = YES;
				CLANG_ENABLE_OBJC_ARC = YES;
				CLANG_ENABLE_OBJC_WEAK = YES;
				CLANG_WARN_BLOCK_CAPTURE_AUTORELEASING = YES;
				CLANG_WARN_BOOL_CONVERSION = YES;
				CLANG_WARN_COMMA = YES;
				CLANG_WARN_CONSTANT_CONVERSION = YES;
				CLANG_WARN_DEPRECATED_OBJC_IMPLEMENTATIONS = YES;
				CLANG_WARN_DIRECT_OBJC_ISA_USAGE = YES_ERROR;
				CLANG_WARN_DOCUMENTATION_COMMENTS = YES;
				CLANG_WARN_EMPTY_BODY = YES;
				CLANG_WARN_ENUM_CONVERSION = YES;
				CLANG_WARN_INFINITE_RECURSION = YES;
				CLANG_WARN_INT_CONVERSION = YES;
				CLANG_WARN_NON_LITERAL_NULL_CONVERSION = YES;
				CLANG_WARN_OBJC_IMPLICIT_RETAIN_SELF = YES;
				CLANG_WARN_OBJC_LITERAL_CONVERSION = YES;
				CLANG_WARN_OBJC_ROOT_CLASS = YES_ERROR;
				CLANG_WARN_QUOTED_INCLUDE_IN_FRAMEWORK_HEADER = YES;
				CLANG_WARN_RANGE_LOOP_ANALYSIS = YES;
				CLANG_WARN_STRICT_PROTOTYPES = YES;
				CLANG_WARN_SUSPICIOUS_MOVE = YES;
				CLANG_WARN_UNGUARDED_AVAILABILITY = YES_AGGRESSIVE;
				CLANG_WARN_UNREACHABLE_CODE = YES;
				CLANG_WARN__DUPLICATE_METHOD_MATCH = YES;
				COPY_PHASE_STRIP = NO;
				CURRENT_PROJECT_VERSION = 1;
				DEBUG_INFORMATION_FORMAT = dwarf;
				ENABLE_STRICT_OBJC_MSGSEND = YES;
				ENABLE_TESTABILITY = YES;
				GCC_C_LANGUAGE_STANDARD = gnu11;
				GCC_DYNAMIC_NO_PIC = NO;
				GCC_NO_COMMON_BLOCKS = YES;
				GCC_OPTIMIZATION_LEVEL = 0;
				GCC_PREPROCESSOR_DEFINITIONS = (
					"$(inherited)",
					"DEBUG=1",
				);
				GCC_WARN_64_TO_32_BIT_CONVERSION = YES;
				GCC_WARN_ABOUT_RETURN_TYPE = YES_ERROR;
				GCC_WARN_UNDECLARED_SELECTOR = YES;
				GCC_WARN_UNINITIALIZED_AUTOS = YES_AGGRESSIVE;
				GCC_WARN_UNUSED_FUNCTION = YES;
				GCC_WARN_UNUSED_VARIABLE = YES;
				IPHONEOS_DEPLOYMENT_TARGET = 17.0;
				MARKETING_VERSION = 1.0.0;
				MTL_ENABLE_DEBUG_INFO = INCLUDE_SOURCE;
				MTL_FAST_MATH = YES;
				ONLY_ACTIVE_ARCH = YES;
				PRODUCT_NAME = "$(TARGET_NAME)";
				SDKROOT = iphoneos;
				SWIFT_ACTIVE_COMPILATION_CONDITIONS = DEBUG;
				SWIFT_OPTIMIZATION_LEVEL = "-Onone";
				SWIFT_VERSION = 6.0;
			};
			name = Debug;
		};
		F5EA3C1E10213CA0136EDB41 /* Debug */ = {
			isa = XCBuildConfiguration;
			buildSettings = {
				ASSETCATALOG_COMPILER_APPICON_NAME = AppIcon;
				CODE_SIGN_IDENTITY = "iPhone Developer";
				CODE_SIGN_STYLE = Automatic;
				DEVELOPMENT_TEAM = L6E4TF9NZ9;
				ENABLE_PREVIEWS = YES;
				INFOPLIST_FILE = PocketMesh/Info.plist;
				IPHONEOS_DEPLOYMENT_TARGET = 17.0;
				LD_RUNPATH_SEARCH_PATHS = (
					"$(inherited)",
					"@executable_path/Frameworks",
				);
				PRODUCT_BUNDLE_IDENTIFIER = com.nathanielchung.pocketmesh;
				SDKROOT = iphoneos;
				TARGETED_DEVICE_FAMILY = "1,2";
			};
			name = Debug;
		};
/* End XCBuildConfiguration section */

/* Begin XCConfigurationList section */
		3D17085DC0F6698EEC4E4657 /* Build configuration list for PBXNativeTarget "PocketMeshTests" */ = {
			isa = XCConfigurationList;
			buildConfigurations = (
				9039153E7A5775DF6CAF074E /* Debug */,
				832DE3B619D9889A1A98357C /* Release */,
			);
			defaultConfigurationIsVisible = 0;
			defaultConfigurationName = Debug;
		};
		B151D71642B9E080E6C774B0 /* Build configuration list for PBXNativeTarget "PocketMesh" */ = {
			isa = XCConfigurationList;
			buildConfigurations = (
				F5EA3C1E10213CA0136EDB41 /* Debug */,
				C9494E55BD022B248EA18BBB /* Release */,
			);
			defaultConfigurationIsVisible = 0;
			defaultConfigurationName = Debug;
		};
		B750B3602EFC830CC4B623F6 /* Build configuration list for PBXProject "PocketMesh" */ = {
			isa = XCConfigurationList;
			buildConfigurations = (
				ED03310FA8DD889E4EA2B416 /* Debug */,
				8169A891E8E17B4543EE1D72 /* Release */,
			);
			defaultConfigurationIsVisible = 0;
			defaultConfigurationName = Debug;
		};
		D63C91B90D9453582A65353E /* Build configuration list for PBXNativeTarget "PocketMeshKit" */ = {
			isa = XCConfigurationList;
			buildConfigurations = (
				059003927400C1A597EBFE72 /* Debug */,
				2C02E70E60085D11BD1BB353 /* Release */,
			);
			defaultConfigurationIsVisible = 0;
			defaultConfigurationName = Debug;
		};
/* End XCConfigurationList section */
	};
	rootObject = B075D29168C5838CB086652F /* Project object */;
}
