// !$*UTF8*$!
{
	archiveVersion = 1;
	classes = {
	};
	objectVersion = 63;
	objects = {

/* Begin PBXBuildFile section */
		04B4CC1542206F66EAC3E590 /* WelcomeView.swift in Sources */ = {isa = PBXBuildFile; fileRef = 3D0F7970153742CC033CB038 /* WelcomeView.swift */; };
		101D57DF73BFB85F0A1F6B48 /* ChatViewModel.swift in Sources */ = {isa = PBXBuildFile; fileRef = 76F740C752C0197768FB92BA /* ChatViewModel.swift */; };
		117D4736D37BA56F722C5C93 /* DevicePairView.swift in Sources */ = {isa = PBXBuildFile; fileRef = B5517D40AB55F2177D26BECD /* DevicePairView.swift */; };
		1F485C2E5BEF877B7F03B8F5 /* AppState.swift in Sources */ = {isa = PBXBuildFile; fileRef = CC7DF5DECEFF69499561634E /* AppState.swift */; };
		29E4752CA180354A31575E76 /* PermissionsView.swift in Sources */ = {isa = PBXBuildFile; fileRef = 4445AFF3A5E0066EFD18401D /* PermissionsView.swift */; };
		2B8F73E3DBC0975E31317609 /* PocketMeshKit.framework in Embed Frameworks */ = {isa = PBXBuildFile; fileRef = D78DD1714916D3FD90923B36 /* PocketMeshKit.framework */; settings = {ATTRIBUTES = (CodeSignOnCopy, RemoveHeadersOnCopy, ); }; };
		2CA072AD8EC4C3F945A4B36A /* Assets.xcassets in Resources */ = {isa = PBXBuildFile; fileRef = EF934C07C46A9674FD925784 /* Assets.xcassets */; };
		3132F03A344F9B71E2690E0A /* ChannelServiceTests.swift in Sources */ = {isa = PBXBuildFile; fileRef = 99E8FA457AE0B7266FB38B12 /* ChannelServiceTests.swift */; };
		32D290F806572B495A69C1C4 /* MessageBubbleView.swift in Sources */ = {isa = PBXBuildFile; fileRef = 5C1B1474CD149416639204AF /* MessageBubbleView.swift */; };
		383FCA279E650EA9D5A1D32C /* PocketMeshKit.swift in Sources */ = {isa = PBXBuildFile; fileRef = 8902D89C5A5FE78B691B76E4 /* PocketMeshKit.swift */; };
		39AB293F43B5F56A43335757 /* ChatsListView.swift in Sources */ = {isa = PBXBuildFile; fileRef = 2A15BABD9F5ACB43C7C3E412 /* ChatsListView.swift */; };
		3FDA2D675069A169B815058C /* PocketMeshApp.swift in Sources */ = {isa = PBXBuildFile; fileRef = 3A66D48C3CFFD92C24C17897 /* PocketMeshApp.swift */; };
		45DD5683BA0C088BA5351036 /* ChannelService.swift in Sources */ = {isa = PBXBuildFile; fileRef = 19636F60B0605513BF191CBF /* ChannelService.swift */; };
		48CB29597EA0E92A2F79C701 /* ProtocolCodecTests.swift in Sources */ = {isa = PBXBuildFile; fileRef = FDCDF5D41D3F7E16BF1E541E /* ProtocolCodecTests.swift */; };
		49B3F234A11390FDD61D250E /* ContactsViewModel.swift in Sources */ = {isa = PBXBuildFile; fileRef = 2FE3A9ED13CBEF9480A4D994 /* ContactsViewModel.swift */; };
		4C520E41C7E2EA0AE002028D /* MessageServiceTests.swift in Sources */ = {isa = PBXBuildFile; fileRef = 7E5B5C75224189FCD108E88D /* MessageServiceTests.swift */; };
		4C9FA854D051D93BE884C158 /* DeviceScanView.swift in Sources */ = {isa = PBXBuildFile; fileRef = 5698E0B384B37810824668E2 /* DeviceScanView.swift */; };
		52639A52279F01B020CE2E9F /* MessagePollingServiceTests.swift in Sources */ = {isa = PBXBuildFile; fileRef = F86645257892287CDE8675EF /* MessagePollingServiceTests.swift */; };
		55605992566F8CF5F667803F /* PocketMeshKit.framework in Embed Frameworks */ = {isa = PBXBuildFile; fileRef = D78DD1714916D3FD90923B36 /* PocketMeshKit.framework */; settings = {ATTRIBUTES = (CodeSignOnCopy, RemoveHeadersOnCopy, ); }; };
		55CA0C342B8743CF61DA447D /* PocketMeshKit.framework in Frameworks */ = {isa = PBXBuildFile; fileRef = D78DD1714916D3FD90923B36 /* PocketMeshKit.framework */; };
		56C6A39C21F2D6E6093ED2E8 /* Message.swift in Sources */ = {isa = PBXBuildFile; fileRef = 9D00CDA3DB460ED521289CFC /* Message.swift */; };
		64FEA9FB06289559C4470956 /* ContactDetailView.swift in Sources */ = {isa = PBXBuildFile; fileRef = 1DCADFDA38F997A471312DFA /* ContactDetailView.swift */; };
		6CFA793F6255681B950E726F /* FrameCodec.swift in Sources */ = {isa = PBXBuildFile; fileRef = A8F2F2CD94815F27EA8B7C0F /* FrameCodec.swift */; };
		73E1844F85A15DD9B31CC82B /* MessageService.swift in Sources */ = {isa = PBXBuildFile; fileRef = 9705E3FDD538F1DC42221E7E /* MessageService.swift */; };
		762510836621381B17040D31 /* DataStore.swift in Sources */ = {isa = PBXBuildFile; fileRef = 35FD782A98811CC11A3E98B4 /* DataStore.swift */; };
		814489C4A65B4621B426664E /* BLEService.swift in Sources */ = {isa = PBXBuildFile; fileRef = DD3F52D0E53A62FFECE5F034 /* BLEService.swift */; };
		8822B111C017F76F51D00FD8 /* ChatView.swift in Sources */ = {isa = PBXBuildFile; fileRef = 931F156D79A538146149D5DB /* ChatView.swift */; };
		8A2C2B4166266BD21E91D2BB /* ProtocolFrames.swift in Sources */ = {isa = PBXBuildFile; fileRef = 47744966A1DF74C21D0300F2 /* ProtocolFrames.swift */; };
		8C58D03BABF51C6468D6131C /* Device.swift in Sources */ = {isa = PBXBuildFile; fileRef = B4BC20AD728EB3A9DD89F86E /* Device.swift */; };
		92041E155082F000A2CF01AC /* MessagePollingService.swift in Sources */ = {isa = PBXBuildFile; fileRef = EB4ADBD01EE65C7E16CEC224 /* MessagePollingService.swift */; };
		9754301A49FA5FC7525EF51D /* TestHelpers.swift in Sources */ = {isa = PBXBuildFile; fileRef = D3E77E52AE4DE2E39C4361C4 /* TestHelpers.swift */; };
		9FD2BD6DBF14E4BA9F7390D8 /* MockBLEPeripheral.swift in Sources */ = {isa = PBXBuildFile; fileRef = 46D889A65BB4BE14B1040B93 /* MockBLEPeripheral.swift */; };
		A053B5EE63D2377CAA63D87B /* PocketMeshKit.framework in Frameworks */ = {isa = PBXBuildFile; fileRef = D78DD1714916D3FD90923B36 /* PocketMeshKit.framework */; };
		A44A1D3DD95BE4B50F0B5B92 /* MockBLEIntegrationTests.swift in Sources */ = {isa = PBXBuildFile; fileRef = 62824D52A06E174ECA49CC7E /* MockBLEIntegrationTests.swift */; };
		A9518A5E7DFCFF815A32E8B7 /* MessageEventBroadcaster.swift in Sources */ = {isa = PBXBuildFile; fileRef = 1B14228EB1FCE90AA77C37A9 /* MessageEventBroadcaster.swift */; };
		AAC1A30644146E3D4FE8D152 /* MockBLEPeripheralTests.swift in Sources */ = {isa = PBXBuildFile; fileRef = 43419ED4BA89974E1F577448 /* MockBLEPeripheralTests.swift */; };
		BA0500A707AA4D1D6C17FA36 /* Contact.swift in Sources */ = {isa = PBXBuildFile; fileRef = 6C643DA1AD15A734272472EE /* Contact.swift */; };
		BB5C395031835BDAD0DBA667 /* ContentView.swift in Sources */ = {isa = PBXBuildFile; fileRef = 9FC87FED40F6C89C41DB04A8 /* ContentView.swift */; };
		BC39AE7B285634F050593F66 /* ContactsListView.swift in Sources */ = {isa = PBXBuildFile; fileRef = 1B7D790C0AA1F3E034391AF0 /* ContactsListView.swift */; };
		CA95F21F141C81818A6A20AE /* ContactServiceTests.swift in Sources */ = {isa = PBXBuildFile; fileRef = 206E5B5D75096680AC2FAADA /* ContactServiceTests.swift */; };
		CB2B542E08B1C5703924FC00 /* Channel.swift in Sources */ = {isa = PBXBuildFile; fileRef = 5FD9C35244A7297C10AAEBF3 /* Channel.swift */; };
		D84690CB702227813F6D7B79 /* ContactService.swift in Sources */ = {isa = PBXBuildFile; fileRef = D600769D624EA8265AC39CF3 /* ContactService.swift */; };
		DC6EA18B237883620AB7D35C /* DataStoreIntegrationTests.swift in Sources */ = {isa = PBXBuildFile; fileRef = 84E75ED4CDC3DEABC87851D4 /* DataStoreIntegrationTests.swift */; };
		E0CFD16DEACE6514DCE49E38 /* DeviceInfoView.swift in Sources */ = {isa = PBXBuildFile; fileRef = 249625267698F9995F728A66 /* DeviceInfoView.swift */; };
		E4F44C0F7328AEF2E0A4B3B3 /* ProtocolConstants.swift in Sources */ = {isa = PBXBuildFile; fileRef = E3B6488EABF68E6393C20E67 /* ProtocolConstants.swift */; };
		E93DBDA789A72640D418765E /* SettingsView.swift in Sources */ = {isa = PBXBuildFile; fileRef = 433E7925F6AF25F51DAFE548 /* SettingsView.swift */; };
		E9883B997FDCF3DCC25F85C3 /* RadioConfigView.swift in Sources */ = {isa = PBXBuildFile; fileRef = EE1E3AA80BEB087A3E5687D3 /* RadioConfigView.swift */; };
		F16160A8EA0B38BFEB9F73C8 /* AdvertisementServiceTests.swift in Sources */ = {isa = PBXBuildFile; fileRef = BB748B4F281382C0C7E6C4BA /* AdvertisementServiceTests.swift */; };
		F6D1450EFD8C75428F630E71 /* AdvertisementService.swift in Sources */ = {isa = PBXBuildFile; fileRef = 448DAB29DF80063E788E82C5 /* AdvertisementService.swift */; };
/* End PBXBuildFile section */

/* Begin PBXContainerItemProxy section */
		647A2469DC62FF730B1C7B0A /* PBXContainerItemProxy */ = {
			isa = PBXContainerItemProxy;
			containerPortal = B075D29168C5838CB086652F /* Project object */;
			proxyType = 1;
			remoteGlobalIDString = E0B5AABF144609984709AF9F;
			remoteInfo = PocketMesh;
		};
		7D496179E2C15869556E7DCA /* PBXContainerItemProxy */ = {
			isa = PBXContainerItemProxy;
			containerPortal = B075D29168C5838CB086652F /* Project object */;
			proxyType = 1;
			remoteGlobalIDString = BB58F0E7399C4FB41E74DC74;
			remoteInfo = PocketMeshKit;
		};
		BB8895EDC13DEA8851F4917C /* PBXContainerItemProxy */ = {
			isa = PBXContainerItemProxy;
			containerPortal = B075D29168C5838CB086652F /* Project object */;
			proxyType = 1;
			remoteGlobalIDString = BB58F0E7399C4FB41E74DC74;
			remoteInfo = PocketMeshKit;
		};
/* End PBXContainerItemProxy section */

/* Begin PBXCopyFilesBuildPhase section */
		62D5BB97630B2DB34B07345F /* Embed Frameworks */ = {
			isa = PBXCopyFilesBuildPhase;
			buildActionMask = 2147483647;
			dstPath = "";
			dstSubfolderSpec = 10;
			files = (
				55605992566F8CF5F667803F /* PocketMeshKit.framework in Embed Frameworks */,
			);
			name = "Embed Frameworks";
			runOnlyForDeploymentPostprocessing = 0;
		};
		7D04477D43199AD6EAA00DFE /* Embed Frameworks */ = {
			isa = PBXCopyFilesBuildPhase;
			buildActionMask = 2147483647;
			dstPath = "";
			dstSubfolderSpec = 10;
			files = (
				2B8F73E3DBC0975E31317609 /* PocketMeshKit.framework in Embed Frameworks */,
			);
			name = "Embed Frameworks";
			runOnlyForDeploymentPostprocessing = 0;
		};
/* End PBXCopyFilesBuildPhase section */

/* Begin PBXFileReference section */
		0D1B9546AAAA951D4E679E55 /* PocketMeshTests.xctest */ = {isa = PBXFileReference; includeInIndex = 0; lastKnownFileType = wrapper.cfbundle; path = PocketMeshTests.xctest; sourceTree = BUILT_PRODUCTS_DIR; };
		19636F60B0605513BF191CBF /* ChannelService.swift */ = {isa = PBXFileReference; lastKnownFileType = sourcecode.swift; path = ChannelService.swift; sourceTree = "<group>"; };
		1B14228EB1FCE90AA77C37A9 /* MessageEventBroadcaster.swift */ = {isa = PBXFileReference; lastKnownFileType = sourcecode.swift; path = MessageEventBroadcaster.swift; sourceTree = "<group>"; };
		1B7D790C0AA1F3E034391AF0 /* ContactsListView.swift */ = {isa = PBXFileReference; lastKnownFileType = sourcecode.swift; path = ContactsListView.swift; sourceTree = "<group>"; };
		1DCADFDA38F997A471312DFA /* ContactDetailView.swift */ = {isa = PBXFileReference; lastKnownFileType = sourcecode.swift; path = ContactDetailView.swift; sourceTree = "<group>"; };
		206E5B5D75096680AC2FAADA /* ContactServiceTests.swift */ = {isa = PBXFileReference; lastKnownFileType = sourcecode.swift; path = ContactServiceTests.swift; sourceTree = "<group>"; };
		249625267698F9995F728A66 /* DeviceInfoView.swift */ = {isa = PBXFileReference; lastKnownFileType = sourcecode.swift; path = DeviceInfoView.swift; sourceTree = "<group>"; };
		2A15BABD9F5ACB43C7C3E412 /* ChatsListView.swift */ = {isa = PBXFileReference; lastKnownFileType = sourcecode.swift; path = ChatsListView.swift; sourceTree = "<group>"; };
		2FE3A9ED13CBEF9480A4D994 /* ContactsViewModel.swift */ = {isa = PBXFileReference; lastKnownFileType = sourcecode.swift; path = ContactsViewModel.swift; sourceTree = "<group>"; };
		35FD782A98811CC11A3E98B4 /* DataStore.swift */ = {isa = PBXFileReference; lastKnownFileType = sourcecode.swift; path = DataStore.swift; sourceTree = "<group>"; };
		3A66D48C3CFFD92C24C17897 /* PocketMeshApp.swift */ = {isa = PBXFileReference; lastKnownFileType = sourcecode.swift; path = PocketMeshApp.swift; sourceTree = "<group>"; };
		3D0F7970153742CC033CB038 /* WelcomeView.swift */ = {isa = PBXFileReference; lastKnownFileType = sourcecode.swift; path = WelcomeView.swift; sourceTree = "<group>"; };
		433E7925F6AF25F51DAFE548 /* SettingsView.swift */ = {isa = PBXFileReference; lastKnownFileType = sourcecode.swift; path = SettingsView.swift; sourceTree = "<group>"; };
		43419ED4BA89974E1F577448 /* MockBLEPeripheralTests.swift */ = {isa = PBXFileReference; lastKnownFileType = sourcecode.swift; path = MockBLEPeripheralTests.swift; sourceTree = "<group>"; };
		4445AFF3A5E0066EFD18401D /* PermissionsView.swift */ = {isa = PBXFileReference; lastKnownFileType = sourcecode.swift; path = PermissionsView.swift; sourceTree = "<group>"; };
		448DAB29DF80063E788E82C5 /* AdvertisementService.swift */ = {isa = PBXFileReference; lastKnownFileType = sourcecode.swift; path = AdvertisementService.swift; sourceTree = "<group>"; };
		46D889A65BB4BE14B1040B93 /* MockBLEPeripheral.swift */ = {isa = PBXFileReference; lastKnownFileType = sourcecode.swift; path = MockBLEPeripheral.swift; sourceTree = "<group>"; };
		47744966A1DF74C21D0300F2 /* ProtocolFrames.swift */ = {isa = PBXFileReference; lastKnownFileType = sourcecode.swift; path = ProtocolFrames.swift; sourceTree = "<group>"; };
		5698E0B384B37810824668E2 /* DeviceScanView.swift */ = {isa = PBXFileReference; lastKnownFileType = sourcecode.swift; path = DeviceScanView.swift; sourceTree = "<group>"; };
		5C1B1474CD149416639204AF /* MessageBubbleView.swift */ = {isa = PBXFileReference; lastKnownFileType = sourcecode.swift; path = MessageBubbleView.swift; sourceTree = "<group>"; };
		5FD9C35244A7297C10AAEBF3 /* Channel.swift */ = {isa = PBXFileReference; lastKnownFileType = sourcecode.swift; path = Channel.swift; sourceTree = "<group>"; };
		62824D52A06E174ECA49CC7E /* MockBLEIntegrationTests.swift */ = {isa = PBXFileReference; lastKnownFileType = sourcecode.swift; path = MockBLEIntegrationTests.swift; sourceTree = "<group>"; };
		67239BEC5DAD1D89F559414B /* Info.plist */ = {isa = PBXFileReference; lastKnownFileType = text.plist; path = Info.plist; sourceTree = "<group>"; };
		6C643DA1AD15A734272472EE /* Contact.swift */ = {isa = PBXFileReference; lastKnownFileType = sourcecode.swift; path = Contact.swift; sourceTree = "<group>"; };
		76F740C752C0197768FB92BA /* ChatViewModel.swift */ = {isa = PBXFileReference; lastKnownFileType = sourcecode.swift; path = ChatViewModel.swift; sourceTree = "<group>"; };
		7B3A8D9589A690BFF13B4561 /* Info.plist */ = {isa = PBXFileReference; lastKnownFileType = text.plist; path = Info.plist; sourceTree = "<group>"; };
		7E5B5C75224189FCD108E88D /* MessageServiceTests.swift */ = {isa = PBXFileReference; lastKnownFileType = sourcecode.swift; path = MessageServiceTests.swift; sourceTree = "<group>"; };
		84E75ED4CDC3DEABC87851D4 /* DataStoreIntegrationTests.swift */ = {isa = PBXFileReference; lastKnownFileType = sourcecode.swift; path = DataStoreIntegrationTests.swift; sourceTree = "<group>"; };
		8902D89C5A5FE78B691B76E4 /* PocketMeshKit.swift */ = {isa = PBXFileReference; lastKnownFileType = sourcecode.swift; path = PocketMeshKit.swift; sourceTree = "<group>"; };
		931F156D79A538146149D5DB /* ChatView.swift */ = {isa = PBXFileReference; lastKnownFileType = sourcecode.swift; path = ChatView.swift; sourceTree = "<group>"; };
		9705E3FDD538F1DC42221E7E /* MessageService.swift */ = {isa = PBXFileReference; lastKnownFileType = sourcecode.swift; path = MessageService.swift; sourceTree = "<group>"; };
		99E8FA457AE0B7266FB38B12 /* ChannelServiceTests.swift */ = {isa = PBXFileReference; lastKnownFileType = sourcecode.swift; path = ChannelServiceTests.swift; sourceTree = "<group>"; };
		9D00CDA3DB460ED521289CFC /* Message.swift */ = {isa = PBXFileReference; lastKnownFileType = sourcecode.swift; path = Message.swift; sourceTree = "<group>"; };
		9FC87FED40F6C89C41DB04A8 /* ContentView.swift */ = {isa = PBXFileReference; lastKnownFileType = sourcecode.swift; path = ContentView.swift; sourceTree = "<group>"; };
		A8F2F2CD94815F27EA8B7C0F /* FrameCodec.swift */ = {isa = PBXFileReference; lastKnownFileType = sourcecode.swift; path = FrameCodec.swift; sourceTree = "<group>"; };
		B4BC20AD728EB3A9DD89F86E /* Device.swift */ = {isa = PBXFileReference; lastKnownFileType = sourcecode.swift; path = Device.swift; sourceTree = "<group>"; };
		B5517D40AB55F2177D26BECD /* DevicePairView.swift */ = {isa = PBXFileReference; lastKnownFileType = sourcecode.swift; path = DevicePairView.swift; sourceTree = "<group>"; };
		BB748B4F281382C0C7E6C4BA /* AdvertisementServiceTests.swift */ = {isa = PBXFileReference; lastKnownFileType = sourcecode.swift; path = AdvertisementServiceTests.swift; sourceTree = "<group>"; };
		BDE5B1CA2B629437BD46D2A3 /* PocketMesh.app */ = {isa = PBXFileReference; explicitFileType = wrapper.application; includeInIndex = 0; path = PocketMesh.app; sourceTree = BUILT_PRODUCTS_DIR; };
		CC7DF5DECEFF69499561634E /* AppState.swift */ = {isa = PBXFileReference; lastKnownFileType = sourcecode.swift; path = AppState.swift; sourceTree = "<group>"; };
		D3E77E52AE4DE2E39C4361C4 /* TestHelpers.swift */ = {isa = PBXFileReference; lastKnownFileType = sourcecode.swift; path = TestHelpers.swift; sourceTree = "<group>"; };
		D600769D624EA8265AC39CF3 /* ContactService.swift */ = {isa = PBXFileReference; lastKnownFileType = sourcecode.swift; path = ContactService.swift; sourceTree = "<group>"; };
		D78DD1714916D3FD90923B36 /* PocketMeshKit.framework */ = {isa = PBXFileReference; explicitFileType = wrapper.framework; includeInIndex = 0; path = PocketMeshKit.framework; sourceTree = BUILT_PRODUCTS_DIR; };
		DB18057F4B67B3A3C4211AA7 /* Info.plist */ = {isa = PBXFileReference; lastKnownFileType = text.plist; path = Info.plist; sourceTree = "<group>"; };
		DD3F52D0E53A62FFECE5F034 /* BLEService.swift */ = {isa = PBXFileReference; lastKnownFileType = sourcecode.swift; path = BLEService.swift; sourceTree = "<group>"; };
		E3B6488EABF68E6393C20E67 /* ProtocolConstants.swift */ = {isa = PBXFileReference; lastKnownFileType = sourcecode.swift; path = ProtocolConstants.swift; sourceTree = "<group>"; };
		EB4ADBD01EE65C7E16CEC224 /* MessagePollingService.swift */ = {isa = PBXFileReference; lastKnownFileType = sourcecode.swift; path = MessagePollingService.swift; sourceTree = "<group>"; };
		EE1E3AA80BEB087A3E5687D3 /* RadioConfigView.swift */ = {isa = PBXFileReference; lastKnownFileType = sourcecode.swift; path = RadioConfigView.swift; sourceTree = "<group>"; };
		EF934C07C46A9674FD925784 /* Assets.xcassets */ = {isa = PBXFileReference; lastKnownFileType = folder.assetcatalog; path = Assets.xcassets; sourceTree = "<group>"; };
		F86645257892287CDE8675EF /* MessagePollingServiceTests.swift */ = {isa = PBXFileReference; lastKnownFileType = sourcecode.swift; path = MessagePollingServiceTests.swift; sourceTree = "<group>"; };
		FDCDF5D41D3F7E16BF1E541E /* ProtocolCodecTests.swift */ = {isa = PBXFileReference; lastKnownFileType = sourcecode.swift; path = ProtocolCodecTests.swift; sourceTree = "<group>"; };
/* End PBXFileReference section */

/* Begin PBXFrameworksBuildPhase section */
		51221A733DF93344FF8DA930 /* Frameworks */ = {
			isa = PBXFrameworksBuildPhase;
			buildActionMask = 2147483647;
			files = (
				A053B5EE63D2377CAA63D87B /* PocketMeshKit.framework in Frameworks */,
			);
			runOnlyForDeploymentPostprocessing = 0;
		};
		A42C3A2DF478A5210217DE22 /* Frameworks */ = {
			isa = PBXFrameworksBuildPhase;
			buildActionMask = 2147483647;
			files = (
				55CA0C342B8743CF61DA447D /* PocketMeshKit.framework in Frameworks */,
			);
			runOnlyForDeploymentPostprocessing = 0;
		};
/* End PBXFrameworksBuildPhase section */

/* Begin PBXGroup section */
		1C239E83B8A6A39062228C61 /* Services */ = {
			isa = PBXGroup;
			children = (
				448DAB29DF80063E788E82C5 /* AdvertisementService.swift */,
				DD3F52D0E53A62FFECE5F034 /* BLEService.swift */,
				19636F60B0605513BF191CBF /* ChannelService.swift */,
				D600769D624EA8265AC39CF3 /* ContactService.swift */,
				35FD782A98811CC11A3E98B4 /* DataStore.swift */,
				EB4ADBD01EE65C7E16CEC224 /* MessagePollingService.swift */,
				9705E3FDD538F1DC42221E7E /* MessageService.swift */,
			);
			path = Services;
			sourceTree = "<group>";
		};
		217731F688EB8BBC495DBDDB /* Integration */ = {
			isa = PBXGroup;
			children = (
				84E75ED4CDC3DEABC87851D4 /* DataStoreIntegrationTests.swift */,
				62824D52A06E174ECA49CC7E /* MockBLEIntegrationTests.swift */,
			);
			path = Integration;
			sourceTree = "<group>";
		};
		228A1D8135CF6436785C8466 /* PocketMesh */ = {
			isa = PBXGroup;
			children = (
				CC7DF5DECEFF69499561634E /* AppState.swift */,
				9FC87FED40F6C89C41DB04A8 /* ContentView.swift */,
				7B3A8D9589A690BFF13B4561 /* Info.plist */,
				3A66D48C3CFFD92C24C17897 /* PocketMeshApp.swift */,
				A20E5CF8F22B25ADA27247FC /* Resources */,
				88BC850137318AB4F413859C /* Services */,
				E8FB57A8551FD3E69BF0FAD9 /* Views */,
			);
			path = PocketMesh;
			sourceTree = "<group>";
		};
		2652C56274567A20C54D1BF0 /* Products */ = {
			isa = PBXGroup;
			children = (
				BDE5B1CA2B629437BD46D2A3 /* PocketMesh.app */,
				D78DD1714916D3FD90923B36 /* PocketMeshKit.framework */,
				0D1B9546AAAA951D4E679E55 /* PocketMeshTests.xctest */,
			);
			name = Products;
			sourceTree = "<group>";
		};
		42EA536B49FA256B0174896F /* Helpers */ = {
			isa = PBXGroup;
			children = (
				D3E77E52AE4DE2E39C4361C4 /* TestHelpers.swift */,
			);
			path = Helpers;
			sourceTree = "<group>";
		};
		48922D6465C2927C27363D6C /* Map */ = {
			isa = PBXGroup;
			children = (
			);
			path = Map;
			sourceTree = "<group>";
		};
		5BCC9A5B3892FD7AECC683EC /* Extensions */ = {
			isa = PBXGroup;
			children = (
			);
			path = Extensions;
			sourceTree = "<group>";
		};
		627A1D685A96273F3C39D201 /* Settings */ = {
			isa = PBXGroup;
			children = (
				249625267698F9995F728A66 /* DeviceInfoView.swift */,
				EE1E3AA80BEB087A3E5687D3 /* RadioConfigView.swift */,
				433E7925F6AF25F51DAFE548 /* SettingsView.swift */,
			);
			path = Settings;
			sourceTree = "<group>";
		};
		64E135D20031875E24002A21 = {
			isa = PBXGroup;
			children = (
				228A1D8135CF6436785C8466 /* PocketMesh */,
				CCBD67100761C2F6AEBE2D19 /* PocketMeshKit */,
				84393BA1C5ED3FA991C9D1B2 /* PocketMeshTests */,
				2652C56274567A20C54D1BF0 /* Products */,
			);
			sourceTree = "<group>";
		};
		669D183762BEF5F7898B5882 /* Services */ = {
			isa = PBXGroup;
			children = (
				BB748B4F281382C0C7E6C4BA /* AdvertisementServiceTests.swift */,
				99E8FA457AE0B7266FB38B12 /* ChannelServiceTests.swift */,
				206E5B5D75096680AC2FAADA /* ContactServiceTests.swift */,
				F86645257892287CDE8675EF /* MessagePollingServiceTests.swift */,
				7E5B5C75224189FCD108E88D /* MessageServiceTests.swift */,
			);
			path = Services;
			sourceTree = "<group>";
		};
		69C6DDBE9B630FB515D26899 /* Chats */ = {
			isa = PBXGroup;
			children = (
				2A15BABD9F5ACB43C7C3E412 /* ChatsListView.swift */,
				931F156D79A538146149D5DB /* ChatView.swift */,
				76F740C752C0197768FB92BA /* ChatViewModel.swift */,
				5C1B1474CD149416639204AF /* MessageBubbleView.swift */,
			);
			path = Chats;
			sourceTree = "<group>";
		};
		6BCFE73F53AA9DBDA3400D05 /* Performance */ = {
			isa = PBXGroup;
			children = (
			);
			path = Performance;
			sourceTree = "<group>";
		};
		84393BA1C5ED3FA991C9D1B2 /* PocketMeshTests */ = {
			isa = PBXGroup;
			children = (
				DB18057F4B67B3A3C4211AA7 /* Info.plist */,
				42EA536B49FA256B0174896F /* Helpers */,
				217731F688EB8BBC495DBDDB /* Integration */,
				94FBF8DF1F5087158A4DDCEA /* Mock */,
				6BCFE73F53AA9DBDA3400D05 /* Performance */,
				93B4EEB0D2065B97B03B8A03 /* Protocol */,
				669D183762BEF5F7898B5882 /* Services */,
			);
			path = PocketMeshTests;
			sourceTree = "<group>";
		};
		88BC850137318AB4F413859C /* Services */ = {
			isa = PBXGroup;
			children = (
				1B14228EB1FCE90AA77C37A9 /* MessageEventBroadcaster.swift */,
			);
			path = Services;
			sourceTree = "<group>";
		};
		8D8BDE997D80A71EF89C26E6 /* Onboarding */ = {
			isa = PBXGroup;
			children = (
				B5517D40AB55F2177D26BECD /* DevicePairView.swift */,
				5698E0B384B37810824668E2 /* DeviceScanView.swift */,
				4445AFF3A5E0066EFD18401D /* PermissionsView.swift */,
				3D0F7970153742CC033CB038 /* WelcomeView.swift */,
			);
			path = Onboarding;
			sourceTree = "<group>";
		};
		93B4EEB0D2065B97B03B8A03 /* Protocol */ = {
			isa = PBXGroup;
			children = (
				FDCDF5D41D3F7E16BF1E541E /* ProtocolCodecTests.swift */,
			);
			path = Protocol;
			sourceTree = "<group>";
		};
		94FBF8DF1F5087158A4DDCEA /* Mock */ = {
			isa = PBXGroup;
			children = (
				46D889A65BB4BE14B1040B93 /* MockBLEPeripheral.swift */,
				43419ED4BA89974E1F577448 /* MockBLEPeripheralTests.swift */,
			);
			path = Mock;
			sourceTree = "<group>";
		};
		96B6E6745BC2E8E0407E9C66 /* Contacts */ = {
			isa = PBXGroup;
			children = (
				1DCADFDA38F997A471312DFA /* ContactDetailView.swift */,
				1B7D790C0AA1F3E034391AF0 /* ContactsListView.swift */,
				2FE3A9ED13CBEF9480A4D994 /* ContactsViewModel.swift */,
			);
			path = Contacts;
			sourceTree = "<group>";
		};
		A20E5CF8F22B25ADA27247FC /* Resources */ = {
			isa = PBXGroup;
			children = (
				EF934C07C46A9674FD925784 /* Assets.xcassets */,
			);
			path = Resources;
			sourceTree = "<group>";
		};
		B2F61EE4592FE2AB115738B4 /* Utilities */ = {
			isa = PBXGroup;
			children = (
			);
			path = Utilities;
			sourceTree = "<group>";
		};
		CCBD67100761C2F6AEBE2D19 /* PocketMeshKit */ = {
			isa = PBXGroup;
			children = (
				67239BEC5DAD1D89F559414B /* Info.plist */,
				8902D89C5A5FE78B691B76E4 /* PocketMeshKit.swift */,
				5BCC9A5B3892FD7AECC683EC /* Extensions */,
				F322EF9E372D8094DD990AEA /* Models */,
				D56CD13820A592AEAC704A56 /* Protocol */,
				1C239E83B8A6A39062228C61 /* Services */,
				B2F61EE4592FE2AB115738B4 /* Utilities */,
			);
			path = PocketMeshKit;
			sourceTree = "<group>";
		};
		D56CD13820A592AEAC704A56 /* Protocol */ = {
			isa = PBXGroup;
			children = (
				A8F2F2CD94815F27EA8B7C0F /* FrameCodec.swift */,
				E3B6488EABF68E6393C20E67 /* ProtocolConstants.swift */,
				47744966A1DF74C21D0300F2 /* ProtocolFrames.swift */,
			);
			path = Protocol;
			sourceTree = "<group>";
		};
		E8FB57A8551FD3E69BF0FAD9 /* Views */ = {
			isa = PBXGroup;
			children = (
				69C6DDBE9B630FB515D26899 /* Chats */,
				96B6E6745BC2E8E0407E9C66 /* Contacts */,
				48922D6465C2927C27363D6C /* Map */,
				8D8BDE997D80A71EF89C26E6 /* Onboarding */,
				627A1D685A96273F3C39D201 /* Settings */,
			);
			path = Views;
			sourceTree = "<group>";
		};
		F322EF9E372D8094DD990AEA /* Models */ = {
			isa = PBXGroup;
			children = (
				5FD9C35244A7297C10AAEBF3 /* Channel.swift */,
				6C643DA1AD15A734272472EE /* Contact.swift */,
				B4BC20AD728EB3A9DD89F86E /* Device.swift */,
				9D00CDA3DB460ED521289CFC /* Message.swift */,
			);
			path = Models;
			sourceTree = "<group>";
		};
/* End PBXGroup section */

/* Begin PBXNativeTarget section */
		BB58F0E7399C4FB41E74DC74 /* PocketMeshKit */ = {
			isa = PBXNativeTarget;
			buildConfigurationList = D63C91B90D9453582A65353E /* Build configuration list for PBXNativeTarget "PocketMeshKit" */;
			buildPhases = (
				133CB2BDAE215B75DAAE01E1 /* Sources */,
			);
			buildRules = (
			);
			dependencies = (
			);
			name = PocketMeshKit;
			packageProductDependencies = (
			);
			productName = PocketMeshKit;
			productReference = D78DD1714916D3FD90923B36 /* PocketMeshKit.framework */;
			productType = "com.apple.product-type.framework";
		};
		E0B5AABF144609984709AF9F /* PocketMesh */ = {
			isa = PBXNativeTarget;
			buildConfigurationList = B151D71642B9E080E6C774B0 /* Build configuration list for PBXNativeTarget "PocketMesh" */;
			buildPhases = (
				AABFB9C114E5BDE682F57EB7 /* Sources */,
				B1ED29258EE866166DCE3D9E /* Resources */,
				A42C3A2DF478A5210217DE22 /* Frameworks */,
				62D5BB97630B2DB34B07345F /* Embed Frameworks */,
			);
			buildRules = (
			);
			dependencies = (
				3710F598ADD2D5C70A0742FE /* PBXTargetDependency */,
			);
			name = PocketMesh;
			packageProductDependencies = (
			);
			productName = PocketMesh;
			productReference = BDE5B1CA2B629437BD46D2A3 /* PocketMesh.app */;
			productType = "com.apple.product-type.application";
		};
		E3CBC3B4D7D03D4012E98BBD /* PocketMeshTests */ = {
			isa = PBXNativeTarget;
			buildConfigurationList = 3D17085DC0F6698EEC4E4657 /* Build configuration list for PBXNativeTarget "PocketMeshTests" */;
			buildPhases = (
				E75864AE4473F3BD415842E9 /* Sources */,
				51221A733DF93344FF8DA930 /* Frameworks */,
				7D04477D43199AD6EAA00DFE /* Embed Frameworks */,
			);
			buildRules = (
			);
			dependencies = (
				39CBEB19213EF6EBB99DDF00 /* PBXTargetDependency */,
				20B5F64FEC5F0DC5DE87FBF0 /* PBXTargetDependency */,
			);
			name = PocketMeshTests;
			packageProductDependencies = (
			);
			productName = PocketMeshTests;
			productReference = 0D1B9546AAAA951D4E679E55 /* PocketMeshTests.xctest */;
			productType = "com.apple.product-type.bundle.unit-test";
		};
/* End PBXNativeTarget section */

/* Begin PBXProject section */
		B075D29168C5838CB086652F /* Project object */ = {
			isa = PBXProject;
			attributes = {
				BuildIndependentTargetsInParallel = YES;
				LastUpgradeCheck = 1610;
				TargetAttributes = {
					BB58F0E7399C4FB41E74DC74 = {
						DevelopmentTeam = "";
					};
					E3CBC3B4D7D03D4012E98BBD = {
						DevelopmentTeam = "";
					};
				};
			};
			buildConfigurationList = B750B3602EFC830CC4B623F6 /* Build configuration list for PBXProject "PocketMesh" */;
			compatibilityVersion = "Xcode 14.0";
			developmentRegion = en;
			hasScannedForEncodings = 0;
			knownRegions = (
				Base,
				en,
			);
			mainGroup = 64E135D20031875E24002A21;
			minimizedProjectReferenceProxies = 1;
			projectDirPath = "";
			projectRoot = "";
			targets = (
				E0B5AABF144609984709AF9F /* PocketMesh */,
				BB58F0E7399C4FB41E74DC74 /* PocketMeshKit */,
				E3CBC3B4D7D03D4012E98BBD /* PocketMeshTests */,
			);
		};
/* End PBXProject section */

/* Begin PBXResourcesBuildPhase section */
		B1ED29258EE866166DCE3D9E /* Resources */ = {
			isa = PBXResourcesBuildPhase;
			buildActionMask = 2147483647;
			files = (
				2CA072AD8EC4C3F945A4B36A /* Assets.xcassets in Resources */,
			);
			runOnlyForDeploymentPostprocessing = 0;
		};
/* End PBXResourcesBuildPhase section */

/* Begin PBXSourcesBuildPhase section */
		133CB2BDAE215B75DAAE01E1 /* Sources */ = {
			isa = PBXSourcesBuildPhase;
			buildActionMask = 2147483647;
			files = (
				F6D1450EFD8C75428F630E71 /* AdvertisementService.swift in Sources */,
				814489C4A65B4621B426664E /* BLEService.swift in Sources */,
				CB2B542E08B1C5703924FC00 /* Channel.swift in Sources */,
				45DD5683BA0C088BA5351036 /* ChannelService.swift in Sources */,
				BA0500A707AA4D1D6C17FA36 /* Contact.swift in Sources */,
				D84690CB702227813F6D7B79 /* ContactService.swift in Sources */,
				762510836621381B17040D31 /* DataStore.swift in Sources */,
				8C58D03BABF51C6468D6131C /* Device.swift in Sources */,
				6CFA793F6255681B950E726F /* FrameCodec.swift in Sources */,
				56C6A39C21F2D6E6093ED2E8 /* Message.swift in Sources */,
				92041E155082F000A2CF01AC /* MessagePollingService.swift in Sources */,
				73E1844F85A15DD9B31CC82B /* MessageService.swift in Sources */,
				383FCA279E650EA9D5A1D32C /* PocketMeshKit.swift in Sources */,
				E4F44C0F7328AEF2E0A4B3B3 /* ProtocolConstants.swift in Sources */,
				8A2C2B4166266BD21E91D2BB /* ProtocolFrames.swift in Sources */,
			);
			runOnlyForDeploymentPostprocessing = 0;
		};
		AABFB9C114E5BDE682F57EB7 /* Sources */ = {
			isa = PBXSourcesBuildPhase;
			buildActionMask = 2147483647;
			files = (
				1F485C2E5BEF877B7F03B8F5 /* AppState.swift in Sources */,
				8822B111C017F76F51D00FD8 /* ChatView.swift in Sources */,
				101D57DF73BFB85F0A1F6B48 /* ChatViewModel.swift in Sources */,
				39AB293F43B5F56A43335757 /* ChatsListView.swift in Sources */,
				64FEA9FB06289559C4470956 /* ContactDetailView.swift in Sources */,
				BC39AE7B285634F050593F66 /* ContactsListView.swift in Sources */,
				49B3F234A11390FDD61D250E /* ContactsViewModel.swift in Sources */,
				BB5C395031835BDAD0DBA667 /* ContentView.swift in Sources */,
				E0CFD16DEACE6514DCE49E38 /* DeviceInfoView.swift in Sources */,
				117D4736D37BA56F722C5C93 /* DevicePairView.swift in Sources */,
				4C9FA854D051D93BE884C158 /* DeviceScanView.swift in Sources */,
				32D290F806572B495A69C1C4 /* MessageBubbleView.swift in Sources */,
				A9518A5E7DFCFF815A32E8B7 /* MessageEventBroadcaster.swift in Sources */,
				29E4752CA180354A31575E76 /* PermissionsView.swift in Sources */,
				3FDA2D675069A169B815058C /* PocketMeshApp.swift in Sources */,
				E9883B997FDCF3DCC25F85C3 /* RadioConfigView.swift in Sources */,
				E93DBDA789A72640D418765E /* SettingsView.swift in Sources */,
				04B4CC1542206F66EAC3E590 /* WelcomeView.swift in Sources */,
			);
			runOnlyForDeploymentPostprocessing = 0;
		};
		E75864AE4473F3BD415842E9 /* Sources */ = {
			isa = PBXSourcesBuildPhase;
			buildActionMask = 2147483647;
			files = (
				F16160A8EA0B38BFEB9F73C8 /* AdvertisementServiceTests.swift in Sources */,
				3132F03A344F9B71E2690E0A /* ChannelServiceTests.swift in Sources */,
				CA95F21F141C81818A6A20AE /* ContactServiceTests.swift in Sources */,
				DC6EA18B237883620AB7D35C /* DataStoreIntegrationTests.swift in Sources */,
				52639A52279F01B020CE2E9F /* MessagePollingServiceTests.swift in Sources */,
				4C520E41C7E2EA0AE002028D /* MessageServiceTests.swift in Sources */,
				A44A1D3DD95BE4B50F0B5B92 /* MockBLEIntegrationTests.swift in Sources */,
				9FD2BD6DBF14E4BA9F7390D8 /* MockBLEPeripheral.swift in Sources */,
				AAC1A30644146E3D4FE8D152 /* MockBLEPeripheralTests.swift in Sources */,
				48CB29597EA0E92A2F79C701 /* ProtocolCodecTests.swift in Sources */,
				9754301A49FA5FC7525EF51D /* TestHelpers.swift in Sources */,
			);
			runOnlyForDeploymentPostprocessing = 0;
		};
/* End PBXSourcesBuildPhase section */

/* Begin PBXTargetDependency section */
		20B5F64FEC5F0DC5DE87FBF0 /* PBXTargetDependency */ = {
			isa = PBXTargetDependency;
			target = BB58F0E7399C4FB41E74DC74 /* PocketMeshKit */;
			targetProxy = 7D496179E2C15869556E7DCA /* PBXContainerItemProxy */;
		};
		3710F598ADD2D5C70A0742FE /* PBXTargetDependency */ = {
			isa = PBXTargetDependency;
			target = BB58F0E7399C4FB41E74DC74 /* PocketMeshKit */;
			targetProxy = BB8895EDC13DEA8851F4917C /* PBXContainerItemProxy */;
		};
		39CBEB19213EF6EBB99DDF00 /* PBXTargetDependency */ = {
			isa = PBXTargetDependency;
			target = E0B5AABF144609984709AF9F /* PocketMesh */;
			targetProxy = 647A2469DC62FF730B1C7B0A /* PBXContainerItemProxy */;
		};
/* End PBXTargetDependency section */

/* Begin XCBuildConfiguration section */
		059003927400C1A597EBFE72 /* Debug */ = {
			isa = XCBuildConfiguration;
			buildSettings = {
				CODE_SIGN_IDENTITY = "";
				CURRENT_PROJECT_VERSION = 1;
				DEFINES_MODULE = YES;
				DYLIB_COMPATIBILITY_VERSION = 1;
				DYLIB_CURRENT_VERSION = 1;
				DYLIB_INSTALL_NAME_BASE = "@rpath";
				INFOPLIST_FILE = PocketMeshKit/Info.plist;
				INSTALL_PATH = "$(LOCAL_LIBRARY_DIR)/Frameworks";
				LD_RUNPATH_SEARCH_PATHS = (
					"$(inherited)",
					"@executable_path/Frameworks",
				);
				PRODUCT_BUNDLE_IDENTIFIER = com.pocketmesh.kit;
				SDKROOT = iphoneos;
				SKIP_INSTALL = YES;
				TARGETED_DEVICE_FAMILY = "1,2";
				VERSIONING_SYSTEM = "apple-generic";
			};
			name = Debug;
		};
		2C02E70E60085D11BD1BB353 /* Release */ = {
			isa = XCBuildConfiguration;
			buildSettings = {
				CODE_SIGN_IDENTITY = "";
				CURRENT_PROJECT_VERSION = 1;
				DEFINES_MODULE = YES;
				DYLIB_COMPATIBILITY_VERSION = 1;
				DYLIB_CURRENT_VERSION = 1;
				DYLIB_INSTALL_NAME_BASE = "@rpath";
				INFOPLIST_FILE = PocketMeshKit/Info.plist;
				INSTALL_PATH = "$(LOCAL_LIBRARY_DIR)/Frameworks";
				LD_RUNPATH_SEARCH_PATHS = (
					"$(inherited)",
					"@executable_path/Frameworks",
				);
				PRODUCT_BUNDLE_IDENTIFIER = com.pocketmesh.kit;
				SDKROOT = iphoneos;
				SKIP_INSTALL = YES;
				TARGETED_DEVICE_FAMILY = "1,2";
				VERSIONING_SYSTEM = "apple-generic";
			};
			name = Release;
		};
		8169A891E8E17B4543EE1D72 /* Release */ = {
			isa = XCBuildConfiguration;
			buildSettings = {
				ALWAYS_SEARCH_USER_PATHS = NO;
				CLANG_ANALYZER_NONNULL = YES;
				CLANG_ANALYZER_NUMBER_OBJECT_CONVERSION = YES_AGGRESSIVE;
				CLANG_CXX_LANGUAGE_STANDARD = "gnu++14";
				CLANG_CXX_LIBRARY = "libc++";
				CLANG_ENABLE_MODULES = YES;
				CLANG_ENABLE_OBJC_ARC = YES;
				CLANG_ENABLE_OBJC_WEAK = YES;
				CLANG_WARN_BLOCK_CAPTURE_AUTORELEASING = YES;
				CLANG_WARN_BOOL_CONVERSION = YES;
				CLANG_WARN_COMMA = YES;
				CLANG_WARN_CONSTANT_CONVERSION = YES;
				CLANG_WARN_DEPRECATED_OBJC_IMPLEMENTATIONS = YES;
				CLANG_WARN_DIRECT_OBJC_ISA_USAGE = YES_ERROR;
				CLANG_WARN_DOCUMENTATION_COMMENTS = YES;
				CLANG_WARN_EMPTY_BODY = YES;
				CLANG_WARN_ENUM_CONVERSION = YES;
				CLANG_WARN_INFINITE_RECURSION = YES;
				CLANG_WARN_INT_CONVERSION = YES;
				CLANG_WARN_NON_LITERAL_NULL_CONVERSION = YES;
				CLANG_WARN_OBJC_IMPLICIT_RETAIN_SELF = YES;
				CLANG_WARN_OBJC_LITERAL_CONVERSION = YES;
				CLANG_WARN_OBJC_ROOT_CLASS = YES_ERROR;
				CLANG_WARN_QUOTED_INCLUDE_IN_FRAMEWORK_HEADER = YES;
				CLANG_WARN_RANGE_LOOP_ANALYSIS = YES;
				CLANG_WARN_STRICT_PROTOTYPES = YES;
				CLANG_WARN_SUSPICIOUS_MOVE = YES;
				CLANG_WARN_UNGUARDED_AVAILABILITY = YES_AGGRESSIVE;
				CLANG_WARN_UNREACHABLE_CODE = YES;
				CLANG_WARN__DUPLICATE_METHOD_MATCH = YES;
				CODE_SIGN_IDENTITY = "Apple Development";
				COPY_PHASE_STRIP = NO;
				DEBUG_INFORMATION_FORMAT = "dwarf-with-dsym";
				DEVELOPMENT_TEAM = "";
				ENABLE_NS_ASSERTIONS = NO;
				ENABLE_STRICT_OBJC_MSGSEND = YES;
				ENABLE_USER_SCRIPT_SANDBOXING = YES;
				GCC_C_LANGUAGE_STANDARD = gnu11;
				GCC_NO_COMMON_BLOCKS = YES;
				GCC_WARN_64_TO_32_BIT_CONVERSION = YES;
				GCC_WARN_ABOUT_RETURN_TYPE = YES_ERROR;
				GCC_WARN_UNDECLARED_SELECTOR = YES;
				GCC_WARN_UNINITIALIZED_AUTOS = YES_AGGRESSIVE;
				GCC_WARN_UNUSED_FUNCTION = YES;
				GCC_WARN_UNUSED_VARIABLE = YES;
				IPHONEOS_DEPLOYMENT_TARGET = 18.0;
				MTL_ENABLE_DEBUG_INFO = NO;
				MTL_FAST_MATH = YES;
				PRODUCT_NAME = "$(TARGET_NAME)";
				SDKROOT = iphoneos;
				SWIFT_COMPILATION_MODE = wholemodule;
				SWIFT_OPTIMIZATION_LEVEL = "-O";
				SWIFT_STRICT_CONCURRENCY = complete;
				SWIFT_VERSION = 6.0;
			};
			name = Release;
		};
		832DE3B619D9889A1A98357C /* Release */ = {
			isa = XCBuildConfiguration;
			buildSettings = {
				BUNDLE_LOADER = "$(TEST_HOST)";
				INFOPLIST_FILE = PocketMeshTests/Info.plist;
				LD_RUNPATH_SEARCH_PATHS = (
					"$(inherited)",
					"@executable_path/Frameworks",
					"@loader_path/Frameworks",
				);
				PRODUCT_BUNDLE_IDENTIFIER = com.pocketmesh.PocketMeshTests;
				SDKROOT = iphoneos;
				TARGETED_DEVICE_FAMILY = "1,2";
				TEST_HOST = "$(BUILT_PRODUCTS_DIR)/PocketMesh.app/$(BUNDLE_EXECUTABLE_FOLDER_PATH)/PocketMesh";
			};
			name = Release;
		};
		9039153E7A5775DF6CAF074E /* Debug */ = {
			isa = XCBuildConfiguration;
			buildSettings = {
				BUNDLE_LOADER = "$(TEST_HOST)";
				INFOPLIST_FILE = PocketMeshTests/Info.plist;
				LD_RUNPATH_SEARCH_PATHS = (
					"$(inherited)",
					"@executable_path/Frameworks",
					"@loader_path/Frameworks",
				);
				PRODUCT_BUNDLE_IDENTIFIER = com.pocketmesh.PocketMeshTests;
				SDKROOT = iphoneos;
				TARGETED_DEVICE_FAMILY = "1,2";
				TEST_HOST = "$(BUILT_PRODUCTS_DIR)/PocketMesh.app/$(BUNDLE_EXECUTABLE_FOLDER_PATH)/PocketMesh";
			};
			name = Debug;
		};
		C9494E55BD022B248EA18BBB /* Release */ = {
			isa = XCBuildConfiguration;
			buildSettings = {
				ASSETCATALOG_COMPILER_APPICON_NAME = AppIcon;
				CODE_SIGN_IDENTITY = "iPhone Developer";
				DEVELOPMENT_TEAM = L6E4TF9NZ9;
				INFOPLIST_FILE = PocketMesh/Info.plist;
				LD_RUNPATH_SEARCH_PATHS = (
					"$(inherited)",
					"@executable_path/Frameworks",
				);
				NSBluetoothAlwaysUsageDescription = "PocketMesh uses Bluetooth to connect to MeshCore radios for off-grid messaging.";
				NSBluetoothPeripheralUsageDescription = "PocketMesh uses Bluetooth to connect to MeshCore radios.";
				NSLocationWhenInUseUsageDescription = "PocketMesh can share your location with contacts on the mesh network.";
				PRODUCT_BUNDLE_IDENTIFIER = com.pocketmesh.app;
				SDKROOT = iphoneos;
				TARGETED_DEVICE_FAMILY = "1,2";
				UIBackgroundModes = "bluetooth-central";
			};
			name = Release;
		};
		ED03310FA8DD889E4EA2B416 /* Debug */ = {
			isa = XCBuildConfiguration;
			buildSettings = {
				ALWAYS_SEARCH_USER_PATHS = NO;
				CLANG_ANALYZER_NONNULL = YES;
				CLANG_ANALYZER_NUMBER_OBJECT_CONVERSION = YES_AGGRESSIVE;
				CLANG_CXX_LANGUAGE_STANDARD = "gnu++14";
				CLANG_CXX_LIBRARY = "libc++";
				CLANG_ENABLE_MODULES = YES;
				CLANG_ENABLE_OBJC_ARC = YES;
				CLANG_ENABLE_OBJC_WEAK = YES;
				CLANG_WARN_BLOCK_CAPTURE_AUTORELEASING = YES;
				CLANG_WARN_BOOL_CONVERSION = YES;
				CLANG_WARN_COMMA = YES;
				CLANG_WARN_CONSTANT_CONVERSION = YES;
				CLANG_WARN_DEPRECATED_OBJC_IMPLEMENTATIONS = YES;
				CLANG_WARN_DIRECT_OBJC_ISA_USAGE = YES_ERROR;
				CLANG_WARN_DOCUMENTATION_COMMENTS = YES;
				CLANG_WARN_EMPTY_BODY = YES;
				CLANG_WARN_ENUM_CONVERSION = YES;
				CLANG_WARN_INFINITE_RECURSION = YES;
				CLANG_WARN_INT_CONVERSION = YES;
				CLANG_WARN_NON_LITERAL_NULL_CONVERSION = YES;
				CLANG_WARN_OBJC_IMPLICIT_RETAIN_SELF = YES;
				CLANG_WARN_OBJC_LITERAL_CONVERSION = YES;
				CLANG_WARN_OBJC_ROOT_CLASS = YES_ERROR;
				CLANG_WARN_QUOTED_INCLUDE_IN_FRAMEWORK_HEADER = YES;
				CLANG_WARN_RANGE_LOOP_ANALYSIS = YES;
				CLANG_WARN_STRICT_PROTOTYPES = YES;
				CLANG_WARN_SUSPICIOUS_MOVE = YES;
				CLANG_WARN_UNGUARDED_AVAILABILITY = YES_AGGRESSIVE;
				CLANG_WARN_UNREACHABLE_CODE = YES;
				CLANG_WARN__DUPLICATE_METHOD_MATCH = YES;
				CODE_SIGN_IDENTITY = "Apple Development";
				COPY_PHASE_STRIP = NO;
				DEBUG_INFORMATION_FORMAT = dwarf;
				DEVELOPMENT_TEAM = "";
				ENABLE_STRICT_OBJC_MSGSEND = YES;
				ENABLE_TESTABILITY = YES;
				ENABLE_USER_SCRIPT_SANDBOXING = YES;
				GCC_C_LANGUAGE_STANDARD = gnu11;
				GCC_DYNAMIC_NO_PIC = NO;
				GCC_NO_COMMON_BLOCKS = YES;
				GCC_OPTIMIZATION_LEVEL = 0;
				GCC_PREPROCESSOR_DEFINITIONS = (
					"$(inherited)",
					"DEBUG=1",
				);
				GCC_WARN_64_TO_32_BIT_CONVERSION = YES;
				GCC_WARN_ABOUT_RETURN_TYPE = YES_ERROR;
				GCC_WARN_UNDECLARED_SELECTOR = YES;
				GCC_WARN_UNINITIALIZED_AUTOS = YES_AGGRESSIVE;
				GCC_WARN_UNUSED_FUNCTION = YES;
				GCC_WARN_UNUSED_VARIABLE = YES;
				IPHONEOS_DEPLOYMENT_TARGET = 18.0;
				MTL_ENABLE_DEBUG_INFO = INCLUDE_SOURCE;
				MTL_FAST_MATH = YES;
				ONLY_ACTIVE_ARCH = YES;
				PRODUCT_NAME = "$(TARGET_NAME)";
				SDKROOT = iphoneos;
				SWIFT_ACTIVE_COMPILATION_CONDITIONS = DEBUG;
				SWIFT_OPTIMIZATION_LEVEL = "-Onone";
				SWIFT_STRICT_CONCURRENCY = complete;
				SWIFT_VERSION = 6.0;
			};
			name = Debug;
		};
		F5EA3C1E10213CA0136EDB41 /* Debug */ = {
			isa = XCBuildConfiguration;
			buildSettings = {
				ASSETCATALOG_COMPILER_APPICON_NAME = AppIcon;
				CODE_SIGN_IDENTITY = "iPhone Developer";
				DEVELOPMENT_TEAM = L6E4TF9NZ9;
				INFOPLIST_FILE = PocketMesh/Info.plist;
				LD_RUNPATH_SEARCH_PATHS = (
					"$(inherited)",
					"@executable_path/Frameworks",
				);
				NSBluetoothAlwaysUsageDescription = "PocketMesh uses Bluetooth to connect to MeshCore radios for off-grid messaging.";
				NSBluetoothPeripheralUsageDescription = "PocketMesh uses Bluetooth to connect to MeshCore radios.";
				NSLocationWhenInUseUsageDescription = "PocketMesh can share your location with contacts on the mesh network.";
				PRODUCT_BUNDLE_IDENTIFIER = com.pocketmesh.app;
				SDKROOT = iphoneos;
				TARGETED_DEVICE_FAMILY = "1,2";
				UIBackgroundModes = "bluetooth-central";
			};
			name = Debug;
		};
/* End XCBuildConfiguration section */

/* Begin XCConfigurationList section */
		3D17085DC0F6698EEC4E4657 /* Build configuration list for PBXNativeTarget "PocketMeshTests" */ = {
			isa = XCConfigurationList;
			buildConfigurations = (
				9039153E7A5775DF6CAF074E /* Debug */,
				832DE3B619D9889A1A98357C /* Release */,
			);
			defaultConfigurationIsVisible = 0;
			defaultConfigurationName = Debug;
		};
		B151D71642B9E080E6C774B0 /* Build configuration list for PBXNativeTarget "PocketMesh" */ = {
			isa = XCConfigurationList;
			buildConfigurations = (
				F5EA3C1E10213CA0136EDB41 /* Debug */,
				C9494E55BD022B248EA18BBB /* Release */,
			);
			defaultConfigurationIsVisible = 0;
			defaultConfigurationName = Debug;
		};
		B750B3602EFC830CC4B623F6 /* Build configuration list for PBXProject "PocketMesh" */ = {
			isa = XCConfigurationList;
			buildConfigurations = (
				ED03310FA8DD889E4EA2B416 /* Debug */,
				8169A891E8E17B4543EE1D72 /* Release */,
			);
			defaultConfigurationIsVisible = 0;
			defaultConfigurationName = Debug;
		};
		D63C91B90D9453582A65353E /* Build configuration list for PBXNativeTarget "PocketMeshKit" */ = {
			isa = XCConfigurationList;
			buildConfigurations = (
				059003927400C1A597EBFE72 /* Debug */,
				2C02E70E60085D11BD1BB353 /* Release */,
			);
			defaultConfigurationIsVisible = 0;
			defaultConfigurationName = Debug;
		};
/* End XCConfigurationList section */
	};
	rootObject = B075D29168C5838CB086652F /* Project object */;
}
